// !$*UTF8*$!
{
	archiveVersion = 1;
	classes = {
	};
	objectVersion = 50;
	objects = {

/* Begin PBXBuildFile section */
		C41492EC26BED9FE00A3A4D0 /* main.swift in Sources */ = {isa = PBXBuildFile; fileRef = C41492EB26BED9FE00A3A4D0 /* main.swift */; };
		C41492F726BEDA3E00A3A4D0 /* 6112. Condition.swift in Sources */ = {isa = PBXBuildFile; fileRef = C41492F326BEDA3E00A3A4D0 /* 6112. Condition.swift */; };
		C41492F826BEDA3E00A3A4D0 /* 6113. Condition.swift in Sources */ = {isa = PBXBuildFile; fileRef = C41492F426BEDA3E00A3A4D0 /* 6113. Condition.swift */; };
		C41492F926BEDA3E00A3A4D0 /* 6111. Condition.swift in Sources */ = {isa = PBXBuildFile; fileRef = C41492F526BEDA3E00A3A4D0 /* 6111. Condition.swift */; };
/* End PBXBuildFile section */

/* Begin PBXCopyFilesBuildPhase section */
		C41492E626BED9FE00A3A4D0 /* CopyFiles */ = {
			isa = PBXCopyFilesBuildPhase;
			buildActionMask = 2147483647;
			dstPath = /usr/share/man/man1/;
			dstSubfolderSpec = 0;
			files = (
			);
			runOnlyForDeploymentPostprocessing = 1;
		};
/* End PBXCopyFilesBuildPhase section */

/* Begin PBXFileReference section */
		C41492E826BED9FE00A3A4D0 /* 6. Control Flow */ = {isa = PBXFileReference; explicitFileType = "compiled.mach-o.executable"; includeInIndex = 0; path = "6. Control Flow"; sourceTree = BUILT_PRODUCTS_DIR; };
		C41492EB26BED9FE00A3A4D0 /* main.swift */ = {isa = PBXFileReference; lastKnownFileType = sourcecode.swift; path = main.swift; sourceTree = "<group>"; };
		C41492F326BEDA3E00A3A4D0 /* 6112. Condition.swift */ = {isa = PBXFileReference; fileEncoding = 4; lastKnownFileType = sourcecode.swift; path = "6112. Condition.swift"; sourceTree = "<group>"; };
		C41492F426BEDA3E00A3A4D0 /* 6113. Condition.swift */ = {isa = PBXFileReference; fileEncoding = 4; lastKnownFileType = sourcecode.swift; path = "6113. Condition.swift"; sourceTree = "<group>"; };
		C41492F526BEDA3E00A3A4D0 /* 6111. Condition.swift */ = {isa = PBXFileReference; fileEncoding = 4; lastKnownFileType = sourcecode.swift; path = "6111. Condition.swift"; sourceTree = "<group>"; };
		C41492F626BEDA3E00A3A4D0 /* README.md */ = {isa = PBXFileReference; fileEncoding = 4; lastKnownFileType = net.daringfireball.markdown; path = README.md; sourceTree = "<group>"; };
/* End PBXFileReference section */

/* Begin PBXFrameworksBuildPhase section */
		C41492E526BED9FE00A3A4D0 /* Frameworks */ = {
			isa = PBXFrameworksBuildPhase;
			buildActionMask = 2147483647;
			files = (
			);
			runOnlyForDeploymentPostprocessing = 0;
		};
/* End PBXFrameworksBuildPhase section */

/* Begin PBXGroup section */
		C41492DF26BED9FE00A3A4D0 = {
			isa = PBXGroup;
			children = (
				C41492EA26BED9FE00A3A4D0 /* 6. Control Flow */,
				C41492E926BED9FE00A3A4D0 /* Products */,
			);
			sourceTree = "<group>";
		};
		C41492E926BED9FE00A3A4D0 /* Products */ = {
			isa = PBXGroup;
			children = (
				C41492E826BED9FE00A3A4D0 /* 6. Control Flow */,
			);
			name = Products;
			sourceTree = "<group>";
		};
		C41492EA26BED9FE00A3A4D0 /* 6. Control Flow */ = {
			isa = PBXGroup;
			children = (
				C41492F626BEDA3E00A3A4D0 /* README.md */,
				C41492EB26BED9FE00A3A4D0 /* main.swift */,
				C41492F226BEDA3E00A3A4D0 /* 6.1 Condition Statement */,
			);
			path = "6. Control Flow";
			sourceTree = "<group>";
		};
		C41492F226BEDA3E00A3A4D0 /* 6.1 Condition Statement */ = {
			isa = PBXGroup;
			children = (
				C41492F526BEDA3E00A3A4D0 /* 6111. Condition.swift */,
				C41492F326BEDA3E00A3A4D0 /* 6112. Condition.swift */,
				C41492F426BEDA3E00A3A4D0 /* 6113. Condition.swift */,
			);
			path = "6.1 Condition Statement";
			sourceTree = "<group>";
		};
/* End PBXGroup section */

/* Begin PBXNativeTarget section */
		C41492E726BED9FE00A3A4D0 /* 6. Control Flow */ = {
			isa = PBXNativeTarget;
			buildConfigurationList = C41492EF26BED9FE00A3A4D0 /* Build configuration list for PBXNativeTarget "6. Control Flow" */;
			buildPhases = (
				C41492E426BED9FE00A3A4D0 /* Sources */,
				C41492E526BED9FE00A3A4D0 /* Frameworks */,
				C41492E626BED9FE00A3A4D0 /* CopyFiles */,
			);
			buildRules = (
			);
			dependencies = (
			);
			name = "6. Control Flow";
			productName = "6. Control Flow";
			productReference = C41492E826BED9FE00A3A4D0 /* 6. Control Flow */;
			productType = "com.apple.product-type.tool";
		};
/* End PBXNativeTarget section */

/* Begin PBXProject section */
		C41492E026BED9FE00A3A4D0 /* Project object */ = {
			isa = PBXProject;
			attributes = {
				LastSwiftUpdateCheck = 1250;
				LastUpgradeCheck = 1250;
				TargetAttributes = {
					C41492E726BED9FE00A3A4D0 = {
						CreatedOnToolsVersion = 12.5.1;
					};
				};
			};
			buildConfigurationList = C41492E326BED9FE00A3A4D0 /* Build configuration list for PBXProject "6. Control Flow" */;
			compatibilityVersion = "Xcode 9.3";
			developmentRegion = en;
			hasScannedForEncodings = 0;
			knownRegions = (
				en,
				Base,
			);
			mainGroup = C41492DF26BED9FE00A3A4D0;
			productRefGroup = C41492E926BED9FE00A3A4D0 /* Products */;
			projectDirPath = "";
			projectRoot = "";
			targets = (
				C41492E726BED9FE00A3A4D0 /* 6. Control Flow */,
			);
		};
/* End PBXProject section */

/* Begin PBXSourcesBuildPhase section */
		C41492E426BED9FE00A3A4D0 /* Sources */ = {
			isa = PBXSourcesBuildPhase;
			buildActionMask = 2147483647;
			files = (
				C41492EC26BED9FE00A3A4D0 /* main.swift in Sources */,
				C41492F726BEDA3E00A3A4D0 /* 6112. Condition.swift in Sources */,
				C41492F926BEDA3E00A3A4D0 /* 6111. Condition.swift in Sources */,
				C41492F826BEDA3E00A3A4D0 /* 6113. Condition.swift in Sources */,
			);
			runOnlyForDeploymentPostprocessing = 0;
		};
/* End PBXSourcesBuildPhase section */

/* Begin XCBuildConfiguration section */
		C41492ED26BED9FE00A3A4D0 /* Debug */ = {
			isa = XCBuildConfiguration;
			buildSettings = {
				ALWAYS_SEARCH_USER_PATHS = NO;
				CLANG_ANALYZER_NONNULL = YES;
				CLANG_ANALYZER_NUMBER_OBJECT_CONVERSION = YES_AGGRESSIVE;
				CLANG_CXX_LANGUAGE_STANDARD = "gnu++14";
				CLANG_CXX_LIBRARY = "libc++";
				CLANG_ENABLE_MODULES = YES;
				CLANG_ENABLE_OBJC_ARC = YES;
				CLANG_ENABLE_OBJC_WEAK = YES;
				CLANG_WARN_BLOCK_CAPTURE_AUTORELEASING = YES;
				CLANG_WARN_BOOL_CONVERSION = YES;
				CLANG_WARN_COMMA = YES;
				CLANG_WARN_CONSTANT_CONVERSION = YES;
				CLANG_WARN_DEPRECATED_OBJC_IMPLEMENTATIONS = YES;
				CLANG_WARN_DIRECT_OBJC_ISA_USAGE = YES_ERROR;
				CLANG_WARN_DOCUMENTATION_COMMENTS = YES;
				CLANG_WARN_EMPTY_BODY = YES;
				CLANG_WARN_ENUM_CONVERSION = YES;
				CLANG_WARN_INFINITE_RECURSION = YES;
				CLANG_WARN_INT_CONVERSION = YES;
				CLANG_WARN_NON_LITERAL_NULL_CONVERSION = YES;
				CLANG_WARN_OBJC_IMPLICIT_RETAIN_SELF = YES;
				CLANG_WARN_OBJC_LITERAL_CONVERSION = YES;
				CLANG_WARN_OBJC_ROOT_CLASS = YES_ERROR;
				CLANG_WARN_QUOTED_INCLUDE_IN_FRAMEWORK_HEADER = YES;
				CLANG_WARN_RANGE_LOOP_ANALYSIS = YES;
				CLANG_WARN_STRICT_PROTOTYPES = YES;
				CLANG_WARN_SUSPICIOUS_MOVE = YES;
				CLANG_WARN_UNGUARDED_AVAILABILITY = YES_AGGRESSIVE;
				CLANG_WARN_UNREACHABLE_CODE = YES;
				CLANG_WARN__DUPLICATE_METHOD_MATCH = YES;
				COPY_PHASE_STRIP = NO;
				DEBUG_INFORMATION_FORMAT = dwarf;
				ENABLE_STRICT_OBJC_MSGSEND = YES;
				ENABLE_TESTABILITY = YES;
				GCC_C_LANGUAGE_STANDARD = gnu11;
				GCC_DYNAMIC_NO_PIC = NO;
				GCC_NO_COMMON_BLOCKS = YES;
				GCC_OPTIMIZATION_LEVEL = 0;
				GCC_PREPROCESSOR_DEFINITIONS = (
					"DEBUG=1",
					"$(inherited)",
				);
				GCC_WARN_64_TO_32_BIT_CONVERSION = YES;
				GCC_WARN_ABOUT_RETURN_TYPE = YES_ERROR;
				GCC_WARN_UNDECLARED_SELECTOR = YES;
				GCC_WARN_UNINITIALIZED_AUTOS = YES_AGGRESSIVE;
				GCC_WARN_UNUSED_FUNCTION = YES;
				GCC_WARN_UNUSED_VARIABLE = YES;
				MACOSX_DEPLOYMENT_TARGET = 11.3;
				MTL_ENABLE_DEBUG_INFO = INCLUDE_SOURCE;
				MTL_FAST_MATH = YES;
				ONLY_ACTIVE_ARCH = YES;
				SDKROOT = macosx;
				SWIFT_ACTIVE_COMPILATION_CONDITIONS = DEBUG;
				SWIFT_OPTIMIZATION_LEVEL = "-Onone";
			};
			name = Debug;
		};
		C41492EE26BED9FE00A3A4D0 /* Release */ = {
			isa = XCBuildConfiguration;
			buildSettings = {
				ALWAYS_SEARCH_USER_PATHS = NO;
				CLANG_ANALYZER_NONNULL = YES;
				CLANG_ANALYZER_NUMBER_OBJECT_CONVERSION = YES_AGGRESSIVE;
				CLANG_CXX_LANGUAGE_STANDARD = "gnu++14";
				CLANG_CXX_LIBRARY = "libc++";
				CLANG_ENABLE_MODULES = YES;
				CLANG_ENABLE_OBJC_ARC = YES;
				CLANG_ENABLE_OBJC_WEAK = YES;
				CLANG_WARN_BLOCK_CAPTURE_AUTORELEASING = YES;
				CLANG_WARN_BOOL_CONVERSION = YES;
				CLANG_WARN_COMMA = YES;
				CLANG_WARN_CONSTANT_CONVERSION = YES;
				CLANG_WARN_DEPRECATED_OBJC_IMPLEMENTATIONS = YES;
				CLANG_WARN_DIRECT_OBJC_ISA_USAGE = YES_ERROR;
				CLANG_WARN_DOCUMENTATION_COMMENTS = YES;
				CLANG_WARN_EMPTY_BODY = YES;
				CLANG_WARN_ENUM_CONVERSION = YES;
				CLANG_WARN_INFINITE_RECURSION = YES;
				CLANG_WARN_INT_CONVERSION = YES;
				CLANG_WARN_NON_LITERAL_NULL_CONVERSION = YES;
				CLANG_WARN_OBJC_IMPLICIT_RETAIN_SELF = YES;
				CLANG_WARN_OBJC_LITERAL_CONVERSION = YES;
				CLANG_WARN_OBJC_ROOT_CLASS = YES_ERROR;
				CLANG_WARN_QUOTED_INCLUDE_IN_FRAMEWORK_HEADER = YES;
				CLANG_WARN_RANGE_LOOP_ANALYSIS = YES;
				CLANG_WARN_STRICT_PROTOTYPES = YES;
				CLANG_WARN_SUSPICIOUS_MOVE = YES;
				CLANG_WARN_UNGUARDED_AVAILABILITY = YES_AGGRESSIVE;
				CLANG_WARN_UNREACHABLE_CODE = YES;
				CLANG_WARN__DUPLICATE_METHOD_MATCH = YES;
				COPY_PHASE_STRIP = NO;
				DEBUG_INFORMATION_FORMAT = "dwarf-with-dsym";
				ENABLE_NS_ASSERTIONS = NO;
				ENABLE_STRICT_OBJC_MSGSEND = YES;
				GCC_C_LANGUAGE_STANDARD = gnu11;
				GCC_NO_COMMON_BLOCKS = YES;
				GCC_WARN_64_TO_32_BIT_CONVERSION = YES;
				GCC_WARN_ABOUT_RETURN_TYPE = YES_ERROR;
				GCC_WARN_UNDECLARED_SELECTOR = YES;
				GCC_WARN_UNINITIALIZED_AUTOS = YES_AGGRESSIVE;
				GCC_WARN_UNUSED_FUNCTION = YES;
				GCC_WARN_UNUSED_VARIABLE = YES;
				MACOSX_DEPLOYMENT_TARGET = 11.3;
				MTL_ENABLE_DEBUG_INFO = NO;
				MTL_FAST_MATH = YES;
				SDKROOT = macosx;
				SWIFT_COMPILATION_MODE = wholemodule;
				SWIFT_OPTIMIZATION_LEVEL = "-O";
			};
			name = Release;
		};
		C41492F026BED9FE00A3A4D0 /* Debug */ = {
			isa = XCBuildConfiguration;
			buildSettings = {
				CODE_SIGN_STYLE = Automatic;
				PRODUCT_NAME = "$(TARGET_NAME)";
				SWIFT_VERSION = 5.0;
			};
			name = Debug;
		};
		C41492F126BED9FE00A3A4D0 /* Release */ = {
			isa = XCBuildConfiguration;
			buildSettings = {
				CODE_SIGN_STYLE = Automatic;
				PRODUCT_NAME = "$(TARGET_NAME)";
				SWIFT_VERSION = 5.0;
			};
			name = Release;
		};
/* End XCBuildConfiguration section */

/* Begin XCConfigurationList section */
		C41492E326BED9FE00A3A4D0 /* Build configuration list for PBXProject "6. Control Flow" */ = {
			isa = XCConfigurationList;
			buildConfigurations = (
				C41492ED26BED9FE00A3A4D0 /* Debug */,
				C41492EE26BED9FE00A3A4D0 /* Release */,
			);
			defaultConfigurationIsVisible = 0;
			defaultConfigurationName = Release;
		};
		C41492EF26BED9FE00A3A4D0 /* Build configuration list for PBXNativeTarget "6. Control Flow" */ = {
			isa = XCConfigurationList;
			buildConfigurations = (
				C41492F026BED9FE00A3A4D0 /* Debug */,
				C41492F126BED9FE00A3A4D0 /* Release */,
			);
			defaultConfigurationIsVisible = 0;
			defaultConfigurationName = Release;
		};
/* End XCConfigurationList section */
	};
	rootObject = C41492E026BED9FE00A3A4D0 /* Project object */;
}
