// !$*UTF8*$!
{
	archiveVersion = 1;
	classes = {
	};
	objectVersion = 56;
	objects = {

/* Begin PBXBuildFile section */
		1A51778C2B311561005590F9 /* SwiftUIExprApp.swift in Sources */ = {isa = PBXBuildFile; fileRef = 1A51778B2B311561005590F9 /* SwiftUIExprApp.swift */; };
		1A51778E2B311561005590F9 /* ContentView.swift in Sources */ = {isa = PBXBuildFile; fileRef = 1A51778D2B311561005590F9 /* ContentView.swift */; };
		1A5177902B311562005590F9 /* Assets.xcassets in Resources */ = {isa = PBXBuildFile; fileRef = 1A51778F2B311562005590F9 /* Assets.xcassets */; };
		1A5177932B311562005590F9 /* Preview Assets.xcassets in Resources */ = {isa = PBXBuildFile; fileRef = 1A5177922B311562005590F9 /* Preview Assets.xcassets */; };
		1A51779D2B311562005590F9 /* SwiftUIExprTests.swift in Sources */ = {isa = PBXBuildFile; fileRef = 1A51779C2B311562005590F9 /* SwiftUIExprTests.swift */; };
		1A5177A72B311562005590F9 /* SwiftUIExprUITests.swift in Sources */ = {isa = PBXBuildFile; fileRef = 1A5177A62B311562005590F9 /* SwiftUIExprUITests.swift */; };
		1A5177A92B311562005590F9 /* SwiftUIExprUITestsLaunchTests.swift in Sources */ = {isa = PBXBuildFile; fileRef = 1A5177A82B311562005590F9 /* SwiftUIExprUITestsLaunchTests.swift */; };
		1A5177B62B311595005590F9 /* ClippingView.swift in Sources */ = {isa = PBXBuildFile; fileRef = 1A5177B52B311595005590F9 /* ClippingView.swift */; };
/* End PBXBuildFile section */

/* Begin PBXContainerItemProxy section */
		1A5177992B311562005590F9 /* PBXContainerItemProxy */ = {
			isa = PBXContainerItemProxy;
			containerPortal = 1A5177802B311561005590F9 /* Project object */;
			proxyType = 1;
			remoteGlobalIDString = 1A5177872B311561005590F9;
			remoteInfo = SwiftUIExpr;
		};
		1A5177A32B311562005590F9 /* PBXContainerItemProxy */ = {
			isa = PBXContainerItemProxy;
			containerPortal = 1A5177802B311561005590F9 /* Project object */;
			proxyType = 1;
			remoteGlobalIDString = 1A5177872B311561005590F9;
			remoteInfo = SwiftUIExpr;
		};
/* End PBXContainerItemProxy section */

/* Begin PBXFileReference section */
		1A5177882B311561005590F9 /* SwiftUIExpr.app */ = {isa = PBXFileReference; explicitFileType = wrapper.application; includeInIndex = 0; path = SwiftUIExpr.app; sourceTree = BUILT_PRODUCTS_DIR; };
		1A51778B2B311561005590F9 /* SwiftUIExprApp.swift */ = {isa = PBXFileReference; lastKnownFileType = sourcecode.swift; path = SwiftUIExprApp.swift; sourceTree = "<group>"; };
		1A51778D2B311561005590F9 /* ContentView.swift */ = {isa = PBXFileReference; lastKnownFileType = sourcecode.swift; path = ContentView.swift; sourceTree = "<group>"; };
		1A51778F2B311562005590F9 /* Assets.xcassets */ = {isa = PBXFileReference; lastKnownFileType = folder.assetcatalog; path = Assets.xcassets; sourceTree = "<group>"; };
		1A5177922B311562005590F9 /* Preview Assets.xcassets */ = {isa = PBXFileReference; lastKnownFileType = folder.assetcatalog; path = "Preview Assets.xcassets"; sourceTree = "<group>"; };
		1A5177982B311562005590F9 /* SwiftUIExprTests.xctest */ = {isa = PBXFileReference; explicitFileType = wrapper.cfbundle; includeInIndex = 0; path = SwiftUIExprTests.xctest; sourceTree = BUILT_PRODUCTS_DIR; };
		1A51779C2B311562005590F9 /* SwiftUIExprTests.swift */ = {isa = PBXFileReference; lastKnownFileType = sourcecode.swift; path = SwiftUIExprTests.swift; sourceTree = "<group>"; };
		1A5177A22B311562005590F9 /* SwiftUIExprUITests.xctest */ = {isa = PBXFileReference; explicitFileType = wrapper.cfbundle; includeInIndex = 0; path = SwiftUIExprUITests.xctest; sourceTree = BUILT_PRODUCTS_DIR; };
		1A5177A62B311562005590F9 /* SwiftUIExprUITests.swift */ = {isa = PBXFileReference; lastKnownFileType = sourcecode.swift; path = SwiftUIExprUITests.swift; sourceTree = "<group>"; };
		1A5177A82B311562005590F9 /* SwiftUIExprUITestsLaunchTests.swift */ = {isa = PBXFileReference; lastKnownFileType = sourcecode.swift; path = SwiftUIExprUITestsLaunchTests.swift; sourceTree = "<group>"; };
		1A5177B52B311595005590F9 /* ClippingView.swift */ = {isa = PBXFileReference; lastKnownFileType = sourcecode.swift; path = ClippingView.swift; sourceTree = "<group>"; };
/* End PBXFileReference section */

/* Begin PBXFrameworksBuildPhase section */
		1A5177852B311561005590F9 /* Frameworks */ = {
			isa = PBXFrameworksBuildPhase;
			buildActionMask = 2147483647;
			files = (
			);
			runOnlyForDeploymentPostprocessing = 0;
		};
		1A5177952B311562005590F9 /* Frameworks */ = {
			isa = PBXFrameworksBuildPhase;
			buildActionMask = 2147483647;
			files = (
			);
			runOnlyForDeploymentPostprocessing = 0;
		};
		1A51779F2B311562005590F9 /* Frameworks */ = {
			isa = PBXFrameworksBuildPhase;
			buildActionMask = 2147483647;
			files = (
			);
			runOnlyForDeploymentPostprocessing = 0;
		};
/* End PBXFrameworksBuildPhase section */

/* Begin PBXGroup section */
		1A51777F2B311561005590F9 = {
			isa = PBXGroup;
			children = (
				1A51778A2B311561005590F9 /* SwiftUIExpr */,
				1A51779B2B311562005590F9 /* SwiftUIExprTests */,
				1A5177A52B311562005590F9 /* SwiftUIExprUITests */,
				1A5177892B311561005590F9 /* Products */,
			);
			sourceTree = "<group>";
		};
		1A5177892B311561005590F9 /* Products */ = {
			isa = PBXGroup;
			children = (
				1A5177882B311561005590F9 /* SwiftUIExpr.app */,
				1A5177982B311562005590F9 /* SwiftUIExprTests.xctest */,
				1A5177A22B311562005590F9 /* SwiftUIExprUITests.xctest */,
			);
			name = Products;
			sourceTree = "<group>";
		};
		1A51778A2B311561005590F9 /* SwiftUIExpr */ = {
			isa = PBXGroup;
			children = (
				1A51778B2B311561005590F9 /* SwiftUIExprApp.swift */,
				1A51778D2B311561005590F9 /* ContentView.swift */,
				1A5177B52B311595005590F9 /* ClippingView.swift */,
				1A51778F2B311562005590F9 /* Assets.xcassets */,
				1A5177912B311562005590F9 /* Preview Content */,
			);
			path = SwiftUIExpr;
			sourceTree = "<group>";
		};
		1A5177912B311562005590F9 /* Preview Content */ = {
			isa = PBXGroup;
			children = (
				1A5177922B311562005590F9 /* Preview Assets.xcassets */,
			);
			path = "Preview Content";
			sourceTree = "<group>";
		};
		1A51779B2B311562005590F9 /* SwiftUIExprTests */ = {
			isa = PBXGroup;
			children = (
				1A51779C2B311562005590F9 /* SwiftUIExprTests.swift */,
			);
			path = SwiftUIExprTests;
			sourceTree = "<group>";
		};
		1A5177A52B311562005590F9 /* SwiftUIExprUITests */ = {
			isa = PBXGroup;
			children = (
				1A5177A62B311562005590F9 /* SwiftUIExprUITests.swift */,
				1A5177A82B311562005590F9 /* SwiftUIExprUITestsLaunchTests.swift */,
			);
			path = SwiftUIExprUITests;
			sourceTree = "<group>";
		};
/* End PBXGroup section */

/* Begin PBXNativeTarget section */
		1A5177872B311561005590F9 /* SwiftUIExpr */ = {
			isa = PBXNativeTarget;
			buildConfigurationList = 1A5177AC2B311562005590F9 /* Build configuration list for PBXNativeTarget "SwiftUIExpr" */;
			buildPhases = (
				1A5177842B311561005590F9 /* Sources */,
				1A5177852B311561005590F9 /* Frameworks */,
				1A5177862B311561005590F9 /* Resources */,
			);
			buildRules = (
			);
			dependencies = (
			);
			name = SwiftUIExpr;
			productName = SwiftUIExpr;
			productReference = 1A5177882B311561005590F9 /* SwiftUIExpr.app */;
			productType = "com.apple.product-type.application";
		};
		1A5177972B311562005590F9 /* SwiftUIExprTests */ = {
			isa = PBXNativeTarget;
			buildConfigurationList = 1A5177AF2B311562005590F9 /* Build configuration list for PBXNativeTarget "SwiftUIExprTests" */;
			buildPhases = (
				1A5177942B311562005590F9 /* Sources */,
				1A5177952B311562005590F9 /* Frameworks */,
				1A5177962B311562005590F9 /* Resources */,
			);
			buildRules = (
			);
			dependencies = (
				1A51779A2B311562005590F9 /* PBXTargetDependency */,
			);
			name = SwiftUIExprTests;
			productName = SwiftUIExprTests;
			productReference = 1A5177982B311562005590F9 /* SwiftUIExprTests.xctest */;
			productType = "com.apple.product-type.bundle.unit-test";
		};
		1A5177A12B311562005590F9 /* SwiftUIExprUITests */ = {
			isa = PBXNativeTarget;
			buildConfigurationList = 1A5177B22B311562005590F9 /* Build configuration list for PBXNativeTarget "SwiftUIExprUITests" */;
			buildPhases = (
				1A51779E2B311562005590F9 /* Sources */,
				1A51779F2B311562005590F9 /* Frameworks */,
				1A5177A02B311562005590F9 /* Resources */,
			);
			buildRules = (
			);
			dependencies = (
				1A5177A42B311562005590F9 /* PBXTargetDependency */,
			);
			name = SwiftUIExprUITests;
			productName = SwiftUIExprUITests;
			productReference = 1A5177A22B311562005590F9 /* SwiftUIExprUITests.xctest */;
			productType = "com.apple.product-type.bundle.ui-testing";
		};
/* End PBXNativeTarget section */

/* Begin PBXProject section */
		1A5177802B311561005590F9 /* Project object */ = {
			isa = PBXProject;
			attributes = {
				BuildIndependentTargetsInParallel = 1;
				LastSwiftUpdateCheck = 1510;
				LastUpgradeCheck = 1510;
				TargetAttributes = {
					1A5177872B311561005590F9 = {
						CreatedOnToolsVersion = 15.1;
					};
					1A5177972B311562005590F9 = {
						CreatedOnToolsVersion = 15.1;
						TestTargetID = 1A5177872B311561005590F9;
					};
					1A5177A12B311562005590F9 = {
						CreatedOnToolsVersion = 15.1;
						TestTargetID = 1A5177872B311561005590F9;
					};
				};
			};
			buildConfigurationList = 1A5177832B311561005590F9 /* Build configuration list for PBXProject "SwiftUIExpr" */;
			compatibilityVersion = "Xcode 14.0";
			developmentRegion = en;
			hasScannedForEncodings = 0;
			knownRegions = (
				en,
				Base,
			);
			mainGroup = 1A51777F2B311561005590F9;
			productRefGroup = 1A5177892B311561005590F9 /* Products */;
			projectDirPath = "";
			projectRoot = "";
			targets = (
				1A5177872B311561005590F9 /* SwiftUIExpr */,
				1A5177972B311562005590F9 /* SwiftUIExprTests */,
				1A5177A12B311562005590F9 /* SwiftUIExprUITests */,
			);
		};
/* End PBXProject section */

/* Begin PBXResourcesBuildPhase section */
		1A5177862B311561005590F9 /* Resources */ = {
			isa = PBXResourcesBuildPhase;
			buildActionMask = 2147483647;
			files = (
				1A5177932B311562005590F9 /* Preview Assets.xcassets in Resources */,
				1A5177902B311562005590F9 /* Assets.xcassets in Resources */,
			);
			runOnlyForDeploymentPostprocessing = 0;
		};
		1A5177962B311562005590F9 /* Resources */ = {
			isa = PBXResourcesBuildPhase;
			buildActionMask = 2147483647;
			files = (
			);
			runOnlyForDeploymentPostprocessing = 0;
		};
		1A5177A02B311562005590F9 /* Resources */ = {
			isa = PBXResourcesBuildPhase;
			buildActionMask = 2147483647;
			files = (
			);
			runOnlyForDeploymentPostprocessing = 0;
		};
/* End PBXResourcesBuildPhase section */

/* Begin PBXSourcesBuildPhase section */
		1A5177842B311561005590F9 /* Sources */ = {
			isa = PBXSourcesBuildPhase;
			buildActionMask = 2147483647;
			files = (
				1A51778E2B311561005590F9 /* ContentView.swift in Sources */,
				1A51778C2B311561005590F9 /* SwiftUIExprApp.swift in Sources */,
				1A5177B62B311595005590F9 /* ClippingView.swift in Sources */,
			);
			runOnlyForDeploymentPostprocessing = 0;
		};
		1A5177942B311562005590F9 /* Sources */ = {
			isa = PBXSourcesBuildPhase;
			buildActionMask = 2147483647;
			files = (
				1A51779D2B311562005590F9 /* SwiftUIExprTests.swift in Sources */,
			);
			runOnlyForDeploymentPostprocessing = 0;
		};
		1A51779E2B311562005590F9 /* Sources */ = {
			isa = PBXSourcesBuildPhase;
			buildActionMask = 2147483647;
			files = (
				1A5177A72B311562005590F9 /* SwiftUIExprUITests.swift in Sources */,
				1A5177A92B311562005590F9 /* SwiftUIExprUITestsLaunchTests.swift in Sources */,
			);
			runOnlyForDeploymentPostprocessing = 0;
		};
/* End PBXSourcesBuildPhase section */

/* Begin PBXTargetDependency section */
		1A51779A2B311562005590F9 /* PBXTargetDependency */ = {
			isa = PBXTargetDependency;
			target = 1A5177872B311561005590F9 /* SwiftUIExpr */;
			targetProxy = 1A5177992B311562005590F9 /* PBXContainerItemProxy */;
		};
		1A5177A42B311562005590F9 /* PBXTargetDependency */ = {
			isa = PBXTargetDependency;
			target = 1A5177872B311561005590F9 /* SwiftUIExpr */;
			targetProxy = 1A5177A32B311562005590F9 /* PBXContainerItemProxy */;
		};
/* End PBXTargetDependency section */

/* Begin XCBuildConfiguration section */
		1A5177AA2B311562005590F9 /* Debug */ = {
			isa = XCBuildConfiguration;
			buildSettings = {
				ALWAYS_SEARCH_USER_PATHS = NO;
				ASSETCATALOG_COMPILER_GENERATE_SWIFT_ASSET_SYMBOL_EXTENSIONS = YES;
				CLANG_ANALYZER_NONNULL = YES;
				CLANG_ANALYZER_NUMBER_OBJECT_CONVERSION = YES_AGGRESSIVE;
				CLANG_CXX_LANGUAGE_STANDARD = "gnu++20";
				CLANG_ENABLE_MODULES = YES;
				CLANG_ENABLE_OBJC_ARC = YES;
				CLANG_ENABLE_OBJC_WEAK = YES;
				CLANG_WARN_BLOCK_CAPTURE_AUTORELEASING = YES;
				CLANG_WARN_BOOL_CONVERSION = YES;
				CLANG_WARN_COMMA = YES;
				CLANG_WARN_CONSTANT_CONVERSION = YES;
				CLANG_WARN_DEPRECATED_OBJC_IMPLEMENTATIONS = YES;
				CLANG_WARN_DIRECT_OBJC_ISA_USAGE = YES_ERROR;
				CLANG_WARN_DOCUMENTATION_COMMENTS = YES;
				CLANG_WARN_EMPTY_BODY = YES;
				CLANG_WARN_ENUM_CONVERSION = YES;
				CLANG_WARN_INFINITE_RECURSION = YES;
				CLANG_WARN_INT_CONVERSION = YES;
				CLANG_WARN_NON_LITERAL_NULL_CONVERSION = YES;
				CLANG_WARN_OBJC_IMPLICIT_RETAIN_SELF = YES;
				CLANG_WARN_OBJC_LITERAL_CONVERSION = YES;
				CLANG_WARN_OBJC_ROOT_CLASS = YES_ERROR;
				CLANG_WARN_QUOTED_INCLUDE_IN_FRAMEWORK_HEADER = YES;
				CLANG_WARN_RANGE_LOOP_ANALYSIS = YES;
				CLANG_WARN_STRICT_PROTOTYPES = YES;
				CLANG_WARN_SUSPICIOUS_MOVE = YES;
				CLANG_WARN_UNGUARDED_AVAILABILITY = YES_AGGRESSIVE;
				CLANG_WARN_UNREACHABLE_CODE = YES;
				CLANG_WARN__DUPLICATE_METHOD_MATCH = YES;
				COPY_PHASE_STRIP = NO;
				DEBUG_INFORMATION_FORMAT = dwarf;
				ENABLE_STRICT_OBJC_MSGSEND = YES;
				ENABLE_TESTABILITY = YES;
				ENABLE_USER_SCRIPT_SANDBOXING = YES;
				GCC_C_LANGUAGE_STANDARD = gnu17;
				GCC_DYNAMIC_NO_PIC = NO;
				GCC_NO_COMMON_BLOCKS = YES;
				GCC_OPTIMIZATION_LEVEL = 0;
				GCC_PREPROCESSOR_DEFINITIONS = (
					"DEBUG=1",
					"$(inherited)",
				);
				GCC_WARN_64_TO_32_BIT_CONVERSION = YES;
				GCC_WARN_ABOUT_RETURN_TYPE = YES_ERROR;
				GCC_WARN_UNDECLARED_SELECTOR = YES;
				GCC_WARN_UNINITIALIZED_AUTOS = YES_AGGRESSIVE;
				GCC_WARN_UNUSED_FUNCTION = YES;
				GCC_WARN_UNUSED_VARIABLE = YES;
				IPHONEOS_DEPLOYMENT_TARGET = 17.2;
				LOCALIZATION_PREFERS_STRING_CATALOGS = YES;
				MTL_ENABLE_DEBUG_INFO = INCLUDE_SOURCE;
				MTL_FAST_MATH = YES;
				ONLY_ACTIVE_ARCH = YES;
				SDKROOT = iphoneos;
				SWIFT_ACTIVE_COMPILATION_CONDITIONS = "DEBUG $(inherited)";
				SWIFT_OPTIMIZATION_LEVEL = "-Onone";
			};
			name = Debug;
		};
		1A5177AB2B311562005590F9 /* Release */ = {
			isa = XCBuildConfiguration;
			buildSettings = {
				ALWAYS_SEARCH_USER_PATHS = NO;
				ASSETCATALOG_COMPILER_GENERATE_SWIFT_ASSET_SYMBOL_EXTENSIONS = YES;
				CLANG_ANALYZER_NONNULL = YES;
				CLANG_ANALYZER_NUMBER_OBJECT_CONVERSION = YES_AGGRESSIVE;
				CLANG_CXX_LANGUAGE_STANDARD = "gnu++20";
				CLANG_ENABLE_MODULES = YES;
				CLANG_ENABLE_OBJC_ARC = YES;
				CLANG_ENABLE_OBJC_WEAK = YES;
				CLANG_WARN_BLOCK_CAPTURE_AUTORELEASING = YES;
				CLANG_WARN_BOOL_CONVERSION = YES;
				CLANG_WARN_COMMA = YES;
				CLANG_WARN_CONSTANT_CONVERSION = YES;
				CLANG_WARN_DEPRECATED_OBJC_IMPLEMENTATIONS = YES;
				CLANG_WARN_DIRECT_OBJC_ISA_USAGE = YES_ERROR;
				CLANG_WARN_DOCUMENTATION_COMMENTS = YES;
				CLANG_WARN_EMPTY_BODY = YES;
				CLANG_WARN_ENUM_CONVERSION = YES;
				CLANG_WARN_INFINITE_RECURSION = YES;
				CLANG_WARN_INT_CONVERSION = YES;
				CLANG_WARN_NON_LITERAL_NULL_CONVERSION = YES;
				CLANG_WARN_OBJC_IMPLICIT_RETAIN_SELF = YES;
				CLANG_WARN_OBJC_LITERAL_CONVERSION = YES;
				CLANG_WARN_OBJC_ROOT_CLASS = YES_ERROR;
				CLANG_WARN_QUOTED_INCLUDE_IN_FRAMEWORK_HEADER = YES;
				CLANG_WARN_RANGE_LOOP_ANALYSIS = YES;
				CLANG_WARN_STRICT_PROTOTYPES = YES;
				CLANG_WARN_SUSPICIOUS_MOVE = YES;
				CLANG_WARN_UNGUARDED_AVAILABILITY = YES_AGGRESSIVE;
				CLANG_WARN_UNREACHABLE_CODE = YES;
				CLANG_WARN__DUPLICATE_METHOD_MATCH = YES;
				COPY_PHASE_STRIP = NO;
				DEBUG_INFORMATION_FORMAT = "dwarf-with-dsym";
				ENABLE_NS_ASSERTIONS = NO;
				ENABLE_STRICT_OBJC_MSGSEND = YES;
				ENABLE_USER_SCRIPT_SANDBOXING = YES;
				GCC_C_LANGUAGE_STANDARD = gnu17;
				GCC_NO_COMMON_BLOCKS = YES;
				GCC_WARN_64_TO_32_BIT_CONVERSION = YES;
				GCC_WARN_ABOUT_RETURN_TYPE = YES_ERROR;
				GCC_WARN_UNDECLARED_SELECTOR = YES;
				GCC_WARN_UNINITIALIZED_AUTOS = YES_AGGRESSIVE;
				GCC_WARN_UNUSED_FUNCTION = YES;
				GCC_WARN_UNUSED_VARIABLE = YES;
				IPHONEOS_DEPLOYMENT_TARGET = 17.2;
				LOCALIZATION_PREFERS_STRING_CATALOGS = YES;
				MTL_ENABLE_DEBUG_INFO = NO;
				MTL_FAST_MATH = YES;
				SDKROOT = iphoneos;
				SWIFT_COMPILATION_MODE = wholemodule;
				VALIDATE_PRODUCT = YES;
			};
			name = Release;
		};
		1A5177AD2B311562005590F9 /* Debug */ = {
			isa = XCBuildConfiguration;
			buildSettings = {
				ASSETCATALOG_COMPILER_APPICON_NAME = AppIcon;
				ASSETCATALOG_COMPILER_GLOBAL_ACCENT_COLOR_NAME = AccentColor;
				CODE_SIGN_STYLE = Automatic;
				CURRENT_PROJECT_VERSION = 1;
				DEVELOPMENT_ASSET_PATHS = "\"SwiftUIExpr/Preview Content\"";
				ENABLE_PREVIEWS = YES;
				GENERATE_INFOPLIST_FILE = YES;
				INFOPLIST_KEY_UIApplicationSceneManifest_Generation = YES;
				INFOPLIST_KEY_UIApplicationSupportsIndirectInputEvents = YES;
				INFOPLIST_KEY_UILaunchScreen_Generation = YES;
				INFOPLIST_KEY_UISupportedInterfaceOrientations_iPad = "UIInterfaceOrientationPortrait UIInterfaceOrientationPortraitUpsideDown UIInterfaceOrientationLandscapeLeft UIInterfaceOrientationLandscapeRight";
				INFOPLIST_KEY_UISupportedInterfaceOrientations_iPhone = "UIInterfaceOrientationPortrait UIInterfaceOrientationLandscapeLeft UIInterfaceOrientationLandscapeRight";
				LD_RUNPATH_SEARCH_PATHS = (
					"$(inherited)",
					"@executable_path/Frameworks",
				);
				MARKETING_VERSION = 1.0;
				PRODUCT_BUNDLE_IDENTIFIER = io.roughgears..SwiftUIExpr;
				PRODUCT_NAME = "$(TARGET_NAME)";
				SWIFT_EMIT_LOC_STRINGS = YES;
				SWIFT_VERSION = 5.0;
				TARGETED_DEVICE_FAMILY = "1,2";
			};
			name = Debug;
		};
		1A5177AE2B311562005590F9 /* Release */ = {
			isa = XCBuildConfiguration;
			buildSettings = {
				ASSETCATALOG_COMPILER_APPICON_NAME = AppIcon;
				ASSETCATALOG_COMPILER_GLOBAL_ACCENT_COLOR_NAME = AccentColor;
				CODE_SIGN_STYLE = Automatic;
				CURRENT_PROJECT_VERSION = 1;
				DEVELOPMENT_ASSET_PATHS = "\"SwiftUIExpr/Preview Content\"";
				ENABLE_PREVIEWS = YES;
				GENERATE_INFOPLIST_FILE = YES;
				INFOPLIST_KEY_UIApplicationSceneManifest_Generation = YES;
				INFOPLIST_KEY_UIApplicationSupportsIndirectInputEvents = YES;
				INFOPLIST_KEY_UILaunchScreen_Generation = YES;
				INFOPLIST_KEY_UISupportedInterfaceOrientations_iPad = "UIInterfaceOrientationPortrait UIInterfaceOrientationPortraitUpsideDown UIInterfaceOrientationLandscapeLeft UIInterfaceOrientationLandscapeRight";
				INFOPLIST_KEY_UISupportedInterfaceOrientations_iPhone = "UIInterfaceOrientationPortrait UIInterfaceOrientationLandscapeLeft UIInterfaceOrientationLandscapeRight";
				LD_RUNPATH_SEARCH_PATHS = (
					"$(inherited)",
					"@executable_path/Frameworks",
				);
				MARKETING_VERSION = 1.0;
				PRODUCT_BUNDLE_IDENTIFIER = io.roughgears..SwiftUIExpr;
				PRODUCT_NAME = "$(TARGET_NAME)";
				SWIFT_EMIT_LOC_STRINGS = YES;
				SWIFT_VERSION = 5.0;
				TARGETED_DEVICE_FAMILY = "1,2";
			};
			name = Release;
		};
		1A5177B02B311562005590F9 /* Debug */ = {
			isa = XCBuildConfiguration;
			buildSettings = {
				ALWAYS_EMBED_SWIFT_STANDARD_LIBRARIES = YES;
				BUNDLE_LOADER = "$(TEST_HOST)";
				CODE_SIGN_STYLE = Automatic;
				CURRENT_PROJECT_VERSION = 1;
				GENERATE_INFOPLIST_FILE = YES;
				IPHONEOS_DEPLOYMENT_TARGET = 17.2;
				MARKETING_VERSION = 1.0;
				PRODUCT_BUNDLE_IDENTIFIER = io.roughgears..SwiftUIExprTests;
				PRODUCT_NAME = "$(TARGET_NAME)";
				SWIFT_EMIT_LOC_STRINGS = NO;
				SWIFT_VERSION = 5.0;
				TARGETED_DEVICE_FAMILY = "1,2";
				TEST_HOST = "$(BUILT_PRODUCTS_DIR)/SwiftUIExpr.app/$(BUNDLE_EXECUTABLE_FOLDER_PATH)/SwiftUIExpr";
			};
			name = Debug;
		};
		1A5177B12B311562005590F9 /* Release */ = {
			isa = XCBuildConfiguration;
			buildSettings = {
				ALWAYS_EMBED_SWIFT_STANDARD_LIBRARIES = YES;
				BUNDLE_LOADER = "$(TEST_HOST)";
				CODE_SIGN_STYLE = Automatic;
				CURRENT_PROJECT_VERSION = 1;
				GENERATE_INFOPLIST_FILE = YES;
				IPHONEOS_DEPLOYMENT_TARGET = 17.2;
				MARKETING_VERSION = 1.0;
				PRODUCT_BUNDLE_IDENTIFIER = io.roughgears..SwiftUIExprTests;
				PRODUCT_NAME = "$(TARGET_NAME)";
				SWIFT_EMIT_LOC_STRINGS = NO;
				SWIFT_VERSION = 5.0;
				TARGETED_DEVICE_FAMILY = "1,2";
				TEST_HOST = "$(BUILT_PRODUCTS_DIR)/SwiftUIExpr.app/$(BUNDLE_EXECUTABLE_FOLDER_PATH)/SwiftUIExpr";
			};
			name = Release;
		};
		1A5177B32B311562005590F9 /* Debug */ = {
			isa = XCBuildConfiguration;
			buildSettings = {
				ALWAYS_EMBED_SWIFT_STANDARD_LIBRARIES = YES;
				CODE_SIGN_STYLE = Automatic;
				CURRENT_PROJECT_VERSION = 1;
				GENERATE_INFOPLIST_FILE = YES;
				MARKETING_VERSION = 1.0;
				PRODUCT_BUNDLE_IDENTIFIER = io.roughgears..SwiftUIExprUITests;
				PRODUCT_NAME = "$(TARGET_NAME)";
				SWIFT_EMIT_LOC_STRINGS = NO;
				SWIFT_VERSION = 5.0;
				TARGETED_DEVICE_FAMILY = "1,2";
				TEST_TARGET_NAME = SwiftUIExpr;
			};
			name = Debug;
		};
		1A5177B42B311562005590F9 /* Release */ = {
			isa = XCBuildConfiguration;
			buildSettings = {
				ALWAYS_EMBED_SWIFT_STANDARD_LIBRARIES = YES;
				CODE_SIGN_STYLE = Automatic;
				CURRENT_PROJECT_VERSION = 1;
				GENERATE_INFOPLIST_FILE = YES;
				MARKETING_VERSION = 1.0;
				PRODUCT_BUNDLE_IDENTIFIER = io.roughgears..SwiftUIExprUITests;
				PRODUCT_NAME = "$(TARGET_NAME)";
				SWIFT_EMIT_LOC_STRINGS = NO;
				SWIFT_VERSION = 5.0;
				TARGETED_DEVICE_FAMILY = "1,2";
				TEST_TARGET_NAME = SwiftUIExpr;
			};
			name = Release;
		};
/* End XCBuildConfiguration section */

/* Begin XCConfigurationList section */
		1A5177832B311561005590F9 /* Build configuration list for PBXProject "SwiftUIExpr" */ = {
			isa = XCConfigurationList;
			buildConfigurations = (
				1A5177AA2B311562005590F9 /* Debug */,
				1A5177AB2B311562005590F9 /* Release */,
			);
			defaultConfigurationIsVisible = 0;
			defaultConfigurationName = Release;
		};
		1A5177AC2B311562005590F9 /* Build configuration list for PBXNativeTarget "SwiftUIExpr" */ = {
			isa = XCConfigurationList;
			buildConfigurations = (
				1A5177AD2B311562005590F9 /* Debug */,
				1A5177AE2B311562005590F9 /* Release */,
			);
			defaultConfigurationIsVisible = 0;
			defaultConfigurationName = Release;
		};
		1A5177AF2B311562005590F9 /* Build configuration list for PBXNativeTarget "SwiftUIExprTests" */ = {
			isa = XCConfigurationList;
			buildConfigurations = (
				1A5177B02B311562005590F9 /* Debug */,
				1A5177B12B311562005590F9 /* Release */,
			);
			defaultConfigurationIsVisible = 0;
			defaultConfigurationName = Release;
		};
		1A5177B22B311562005590F9 /* Build configuration list for PBXNativeTarget "SwiftUIExprUITests" */ = {
			isa = XCConfigurationList;
			buildConfigurations = (
				1A5177B32B311562005590F9 /* Debug */,
				1A5177B42B311562005590F9 /* Release */,
			);
			defaultConfigurationIsVisible = 0;
			defaultConfigurationName = Release;
		};
/* End XCConfigurationList section */
	};
	rootObject = 1A5177802B311561005590F9 /* Project object */;
}
