// !$*UTF8*$!
{
	archiveVersion = 1;
	classes = {
	};
	objectVersion = 77;
	objects = {

/* Begin PBXBuildFile section */
		4DFA26DB2D7EB43700CD3D0B /* ComposableArchitecture in Frameworks */ = {isa = PBXBuildFile; productRef = 4DFA26DA2D7EB43700CD3D0B /* ComposableArchitecture */; };
/* End PBXBuildFile section */

/* Begin PBXContainerItemProxy section */
		4DFA26B92D7EB2DF00CD3D0B /* PBXContainerItemProxy */ = {
			isa = PBXContainerItemProxy;
			containerPortal = 4DFA26972D7EB2DE00CD3D0B /* Project object */;
			proxyType = 1;
			remoteGlobalIDString = 4DFA269E2D7EB2DE00CD3D0B;
			remoteInfo = GithubTCA;
		};
		4DFA26C32D7EB2DF00CD3D0B /* PBXContainerItemProxy */ = {
			isa = PBXContainerItemProxy;
			containerPortal = 4DFA26972D7EB2DE00CD3D0B /* Project object */;
			proxyType = 1;
			remoteGlobalIDString = 4DFA269E2D7EB2DE00CD3D0B;
			remoteInfo = GithubTCA;
		};
/* End PBXContainerItemProxy section */

/* Begin PBXFileReference section */
		4DFA269F2D7EB2DE00CD3D0B /* GithubTCA.app */ = {isa = PBXFileReference; explicitFileType = wrapper.application; includeInIndex = 0; path = GithubTCA.app; sourceTree = BUILT_PRODUCTS_DIR; };
		4DFA26B82D7EB2DF00CD3D0B /* GithubTCATests.xctest */ = {isa = PBXFileReference; explicitFileType = wrapper.cfbundle; includeInIndex = 0; path = GithubTCATests.xctest; sourceTree = BUILT_PRODUCTS_DIR; };
		4DFA26C22D7EB2DF00CD3D0B /* GithubTCAUITests.xctest */ = {isa = PBXFileReference; explicitFileType = wrapper.cfbundle; includeInIndex = 0; path = GithubTCAUITests.xctest; sourceTree = BUILT_PRODUCTS_DIR; };
/* End PBXFileReference section */

/* Begin PBXFileSystemSynchronizedBuildFileExceptionSet section */
		4DFA26CA2D7EB2DF00CD3D0B /* Exceptions for "GithubTCA" folder in "GithubTCA" target */ = {
			isa = PBXFileSystemSynchronizedBuildFileExceptionSet;
			membershipExceptions = (
				Info.plist,
			);
			target = 4DFA269E2D7EB2DE00CD3D0B /* GithubTCA */;
		};
/* End PBXFileSystemSynchronizedBuildFileExceptionSet section */

/* Begin PBXFileSystemSynchronizedRootGroup section */
		4DFA26A12D7EB2DE00CD3D0B /* GithubTCA */ = {
			isa = PBXFileSystemSynchronizedRootGroup;
			exceptions = (
				4DFA26CA2D7EB2DF00CD3D0B /* Exceptions for "GithubTCA" folder in "GithubTCA" target */,
			);
			path = GithubTCA;
			sourceTree = "<group>";
		};
		4DFA26BB2D7EB2DF00CD3D0B /* GithubTCATests */ = {
			isa = PBXFileSystemSynchronizedRootGroup;
			path = GithubTCATests;
			sourceTree = "<group>";
		};
		4DFA26C52D7EB2DF00CD3D0B /* GithubTCAUITests */ = {
			isa = PBXFileSystemSynchronizedRootGroup;
			path = GithubTCAUITests;
			sourceTree = "<group>";
		};
/* End PBXFileSystemSynchronizedRootGroup section */

/* Begin PBXFrameworksBuildPhase section */
		4DFA269C2D7EB2DE00CD3D0B /* Frameworks */ = {
			isa = PBXFrameworksBuildPhase;
			buildActionMask = 2147483647;
			files = (
				4DFA26DB2D7EB43700CD3D0B /* ComposableArchitecture in Frameworks */,
			);
			runOnlyForDeploymentPostprocessing = 0;
		};
		4DFA26B52D7EB2DF00CD3D0B /* Frameworks */ = {
			isa = PBXFrameworksBuildPhase;
			buildActionMask = 2147483647;
			files = (
			);
			runOnlyForDeploymentPostprocessing = 0;
		};
		4DFA26BF2D7EB2DF00CD3D0B /* Frameworks */ = {
			isa = PBXFrameworksBuildPhase;
			buildActionMask = 2147483647;
			files = (
			);
			runOnlyForDeploymentPostprocessing = 0;
		};
/* End PBXFrameworksBuildPhase section */

/* Begin PBXGroup section */
		4DFA26962D7EB2DE00CD3D0B = {
			isa = PBXGroup;
			children = (
				4DFA26A12D7EB2DE00CD3D0B /* GithubTCA */,
				4DFA26BB2D7EB2DF00CD3D0B /* GithubTCATests */,
				4DFA26C52D7EB2DF00CD3D0B /* GithubTCAUITests */,
				4DFA26A02D7EB2DE00CD3D0B /* Products */,
			);
			sourceTree = "<group>";
		};
		4DFA26A02D7EB2DE00CD3D0B /* Products */ = {
			isa = PBXGroup;
			children = (
				4DFA269F2D7EB2DE00CD3D0B /* GithubTCA.app */,
				4DFA26B82D7EB2DF00CD3D0B /* GithubTCATests.xctest */,
				4DFA26C22D7EB2DF00CD3D0B /* GithubTCAUITests.xctest */,
			);
			name = Products;
			sourceTree = "<group>";
		};
/* End PBXGroup section */

/* Begin PBXNativeTarget section */
		4DFA269E2D7EB2DE00CD3D0B /* GithubTCA */ = {
			isa = PBXNativeTarget;
			buildConfigurationList = 4DFA26CB2D7EB2DF00CD3D0B /* Build configuration list for PBXNativeTarget "GithubTCA" */;
			buildPhases = (
				4DFA269B2D7EB2DE00CD3D0B /* Sources */,
				4DFA269C2D7EB2DE00CD3D0B /* Frameworks */,
				4DFA269D2D7EB2DE00CD3D0B /* Resources */,
			);
			buildRules = (
			);
			dependencies = (
			);
			fileSystemSynchronizedGroups = (
				4DFA26A12D7EB2DE00CD3D0B /* GithubTCA */,
			);
			name = GithubTCA;
			packageProductDependencies = (
				4DFA26DA2D7EB43700CD3D0B /* ComposableArchitecture */,
			);
			productName = GithubTCA;
			productReference = 4DFA269F2D7EB2DE00CD3D0B /* GithubTCA.app */;
			productType = "com.apple.product-type.application";
		};
		4DFA26B72D7EB2DF00CD3D0B /* GithubTCATests */ = {
			isa = PBXNativeTarget;
			buildConfigurationList = 4DFA26D02D7EB2DF00CD3D0B /* Build configuration list for PBXNativeTarget "GithubTCATests" */;
			buildPhases = (
				4DFA26B42D7EB2DF00CD3D0B /* Sources */,
				4DFA26B52D7EB2DF00CD3D0B /* Frameworks */,
				4DFA26B62D7EB2DF00CD3D0B /* Resources */,
			);
			buildRules = (
			);
			dependencies = (
				4DFA26BA2D7EB2DF00CD3D0B /* PBXTargetDependency */,
			);
			fileSystemSynchronizedGroups = (
				4DFA26BB2D7EB2DF00CD3D0B /* GithubTCATests */,
			);
			name = GithubTCATests;
			packageProductDependencies = (
			);
			productName = GithubTCATests;
			productReference = 4DFA26B82D7EB2DF00CD3D0B /* GithubTCATests.xctest */;
			productType = "com.apple.product-type.bundle.unit-test";
		};
		4DFA26C12D7EB2DF00CD3D0B /* GithubTCAUITests */ = {
			isa = PBXNativeTarget;
			buildConfigurationList = 4DFA26D32D7EB2DF00CD3D0B /* Build configuration list for PBXNativeTarget "GithubTCAUITests" */;
			buildPhases = (
				4DFA26BE2D7EB2DF00CD3D0B /* Sources */,
				4DFA26BF2D7EB2DF00CD3D0B /* Frameworks */,
				4DFA26C02D7EB2DF00CD3D0B /* Resources */,
			);
			buildRules = (
			);
			dependencies = (
				4DFA26C42D7EB2DF00CD3D0B /* PBXTargetDependency */,
			);
			fileSystemSynchronizedGroups = (
				4DFA26C52D7EB2DF00CD3D0B /* GithubTCAUITests */,
			);
			name = GithubTCAUITests;
			packageProductDependencies = (
			);
			productName = GithubTCAUITests;
			productReference = 4DFA26C22D7EB2DF00CD3D0B /* GithubTCAUITests.xctest */;
			productType = "com.apple.product-type.bundle.ui-testing";
		};
/* End PBXNativeTarget section */

/* Begin PBXProject section */
		4DFA26972D7EB2DE00CD3D0B /* Project object */ = {
			isa = PBXProject;
			attributes = {
				BuildIndependentTargetsInParallel = 1;
				LastSwiftUpdateCheck = 1620;
				LastUpgradeCheck = 1620;
				TargetAttributes = {
					4DFA269E2D7EB2DE00CD3D0B = {
						CreatedOnToolsVersion = 16.2;
					};
					4DFA26B72D7EB2DF00CD3D0B = {
						CreatedOnToolsVersion = 16.2;
						TestTargetID = 4DFA269E2D7EB2DE00CD3D0B;
					};
					4DFA26C12D7EB2DF00CD3D0B = {
						CreatedOnToolsVersion = 16.2;
						TestTargetID = 4DFA269E2D7EB2DE00CD3D0B;
					};
				};
			};
			buildConfigurationList = 4DFA269A2D7EB2DE00CD3D0B /* Build configuration list for PBXProject "GithubTCA" */;
			developmentRegion = en;
			hasScannedForEncodings = 0;
			knownRegions = (
				en,
				Base,
			);
			mainGroup = 4DFA26962D7EB2DE00CD3D0B;
			minimizedProjectReferenceProxies = 1;
			packageReferences = (
				4DFA26D92D7EB43700CD3D0B /* XCRemoteSwiftPackageReference "swift-composable-architecture" */,
			);
			preferredProjectObjectVersion = 77;
			productRefGroup = 4DFA26A02D7EB2DE00CD3D0B /* Products */;
			projectDirPath = "";
			projectRoot = "";
			targets = (
				4DFA269E2D7EB2DE00CD3D0B /* GithubTCA */,
				4DFA26B72D7EB2DF00CD3D0B /* GithubTCATests */,
				4DFA26C12D7EB2DF00CD3D0B /* GithubTCAUITests */,
			);
		};
/* End PBXProject section */

/* Begin PBXResourcesBuildPhase section */
		4DFA269D2D7EB2DE00CD3D0B /* Resources */ = {
			isa = PBXResourcesBuildPhase;
			buildActionMask = 2147483647;
			files = (
			);
			runOnlyForDeploymentPostprocessing = 0;
		};
		4DFA26B62D7EB2DF00CD3D0B /* Resources */ = {
			isa = PBXResourcesBuildPhase;
			buildActionMask = 2147483647;
			files = (
			);
			runOnlyForDeploymentPostprocessing = 0;
		};
		4DFA26C02D7EB2DF00CD3D0B /* Resources */ = {
			isa = PBXResourcesBuildPhase;
			buildActionMask = 2147483647;
			files = (
			);
			runOnlyForDeploymentPostprocessing = 0;
		};
/* End PBXResourcesBuildPhase section */

/* Begin PBXSourcesBuildPhase section */
		4DFA269B2D7EB2DE00CD3D0B /* Sources */ = {
			isa = PBXSourcesBuildPhase;
			buildActionMask = 2147483647;
			files = (
			);
			runOnlyForDeploymentPostprocessing = 0;
		};
		4DFA26B42D7EB2DF00CD3D0B /* Sources */ = {
			isa = PBXSourcesBuildPhase;
			buildActionMask = 2147483647;
			files = (
			);
			runOnlyForDeploymentPostprocessing = 0;
		};
		4DFA26BE2D7EB2DF00CD3D0B /* Sources */ = {
			isa = PBXSourcesBuildPhase;
			buildActionMask = 2147483647;
			files = (
			);
			runOnlyForDeploymentPostprocessing = 0;
		};
/* End PBXSourcesBuildPhase section */

/* Begin PBXTargetDependency section */
		4DFA26BA2D7EB2DF00CD3D0B /* PBXTargetDependency */ = {
			isa = PBXTargetDependency;
			target = 4DFA269E2D7EB2DE00CD3D0B /* GithubTCA */;
			targetProxy = 4DFA26B92D7EB2DF00CD3D0B /* PBXContainerItemProxy */;
		};
		4DFA26C42D7EB2DF00CD3D0B /* PBXTargetDependency */ = {
			isa = PBXTargetDependency;
			target = 4DFA269E2D7EB2DE00CD3D0B /* GithubTCA */;
			targetProxy = 4DFA26C32D7EB2DF00CD3D0B /* PBXContainerItemProxy */;
		};
/* End PBXTargetDependency section */

/* Begin XCBuildConfiguration section */
		4DFA26CC2D7EB2DF00CD3D0B /* Debug */ = {
			isa = XCBuildConfiguration;
			buildSettings = {
				ASSETCATALOG_COMPILER_APPICON_NAME = AppIcon;
				ASSETCATALOG_COMPILER_GLOBAL_ACCENT_COLOR_NAME = AccentColor;
				CODE_SIGN_STYLE = Automatic;
				CURRENT_PROJECT_VERSION = 1;
				DEVELOPMENT_TEAM = Z9XSRMC573;
				GENERATE_INFOPLIST_FILE = YES;
				INFOPLIST_FILE = GithubTCA/Info.plist;
				INFOPLIST_KEY_UIApplicationSupportsIndirectInputEvents = YES;
				INFOPLIST_KEY_UILaunchStoryboardName = LaunchScreen;
				INFOPLIST_KEY_UIMainStoryboardFile = Main;
				INFOPLIST_KEY_UISupportedInterfaceOrientations_iPad = "UIInterfaceOrientationPortrait UIInterfaceOrientationPortraitUpsideDown UIInterfaceOrientationLandscapeLeft UIInterfaceOrientationLandscapeRight";
				INFOPLIST_KEY_UISupportedInterfaceOrientations_iPhone = "UIInterfaceOrientationPortrait UIInterfaceOrientationLandscapeLeft UIInterfaceOrientationLandscapeRight";
				LD_RUNPATH_SEARCH_PATHS = (
					"$(inherited)",
					"@executable_path/Frameworks",
				);
				MARKETING_VERSION = 1.0;
				PRODUCT_BUNDLE_IDENTIFIER = io.roughgears.test.GithubTCA;
				PRODUCT_NAME = "$(TARGET_NAME)";
				SWIFT_EMIT_LOC_STRINGS = YES;
				SWIFT_VERSION = 6.0;
				TARGETED_DEVICE_FAMILY = "1,2";
			};
			name = Debug;
		};
		4DFA26CD2D7EB2DF00CD3D0B /* Release */ = {
			isa = XCBuildConfiguration;
			buildSettings = {
				ASSETCATALOG_COMPILER_APPICON_NAME = AppIcon;
				ASSETCATALOG_COMPILER_GLOBAL_ACCENT_COLOR_NAME = AccentColor;
				CODE_SIGN_STYLE = Automatic;
				CURRENT_PROJECT_VERSION = 1;
				DEVELOPMENT_TEAM = Z9XSRMC573;
				GENERATE_INFOPLIST_FILE = YES;
				INFOPLIST_FILE = GithubTCA/Info.plist;
				INFOPLIST_KEY_UIApplicationSupportsIndirectInputEvents = YES;
				INFOPLIST_KEY_UILaunchStoryboardName = LaunchScreen;
				INFOPLIST_KEY_UIMainStoryboardFile = Main;
				INFOPLIST_KEY_UISupportedInterfaceOrientations_iPad = "UIInterfaceOrientationPortrait UIInterfaceOrientationPortraitUpsideDown UIInterfaceOrientationLandscapeLeft UIInterfaceOrientationLandscapeRight";
				INFOPLIST_KEY_UISupportedInterfaceOrientations_iPhone = "UIInterfaceOrientationPortrait UIInterfaceOrientationLandscapeLeft UIInterfaceOrientationLandscapeRight";
				LD_RUNPATH_SEARCH_PATHS = (
					"$(inherited)",
					"@executable_path/Frameworks",
				);
				MARKETING_VERSION = 1.0;
				PRODUCT_BUNDLE_IDENTIFIER = io.roughgears.test.GithubTCA;
				PRODUCT_NAME = "$(TARGET_NAME)";
				SWIFT_EMIT_LOC_STRINGS = YES;
				SWIFT_VERSION = 6.0;
				TARGETED_DEVICE_FAMILY = "1,2";
			};
			name = Release;
		};
		4DFA26CE2D7EB2DF00CD3D0B /* Debug */ = {
			isa = XCBuildConfiguration;
			buildSettings = {
				ALWAYS_SEARCH_USER_PATHS = NO;
				ASSETCATALOG_COMPILER_GENERATE_SWIFT_ASSET_SYMBOL_EXTENSIONS = YES;
				CLANG_ANALYZER_NONNULL = YES;
				CLANG_ANALYZER_NUMBER_OBJECT_CONVERSION = YES_AGGRESSIVE;
				CLANG_CXX_LANGUAGE_STANDARD = "gnu++20";
				CLANG_ENABLE_MODULES = YES;
				CLANG_ENABLE_OBJC_ARC = YES;
				CLANG_ENABLE_OBJC_WEAK = YES;
				CLANG_WARN_BLOCK_CAPTURE_AUTORELEASING = YES;
				CLANG_WARN_BOOL_CONVERSION = YES;
				CLANG_WARN_COMMA = YES;
				CLANG_WARN_CONSTANT_CONVERSION = YES;
				CLANG_WARN_DEPRECATED_OBJC_IMPLEMENTATIONS = YES;
				CLANG_WARN_DIRECT_OBJC_ISA_USAGE = YES_ERROR;
				CLANG_WARN_DOCUMENTATION_COMMENTS = YES;
				CLANG_WARN_EMPTY_BODY = YES;
				CLANG_WARN_ENUM_CONVERSION = YES;
				CLANG_WARN_INFINITE_RECURSION = YES;
				CLANG_WARN_INT_CONVERSION = YES;
				CLANG_WARN_NON_LITERAL_NULL_CONVERSION = YES;
				CLANG_WARN_OBJC_IMPLICIT_RETAIN_SELF = YES;
				CLANG_WARN_OBJC_LITERAL_CONVERSION = YES;
				CLANG_WARN_OBJC_ROOT_CLASS = YES_ERROR;
				CLANG_WARN_QUOTED_INCLUDE_IN_FRAMEWORK_HEADER = YES;
				CLANG_WARN_RANGE_LOOP_ANALYSIS = YES;
				CLANG_WARN_STRICT_PROTOTYPES = YES;
				CLANG_WARN_SUSPICIOUS_MOVE = YES;
				CLANG_WARN_UNGUARDED_AVAILABILITY = YES_AGGRESSIVE;
				CLANG_WARN_UNREACHABLE_CODE = YES;
				CLANG_WARN__DUPLICATE_METHOD_MATCH = YES;
				COPY_PHASE_STRIP = NO;
				DEBUG_INFORMATION_FORMAT = dwarf;
				ENABLE_STRICT_OBJC_MSGSEND = YES;
				ENABLE_TESTABILITY = YES;
				ENABLE_USER_SCRIPT_SANDBOXING = YES;
				GCC_C_LANGUAGE_STANDARD = gnu17;
				GCC_DYNAMIC_NO_PIC = NO;
				GCC_NO_COMMON_BLOCKS = YES;
				GCC_OPTIMIZATION_LEVEL = 0;
				GCC_PREPROCESSOR_DEFINITIONS = (
					"DEBUG=1",
					"$(inherited)",
				);
				GCC_WARN_64_TO_32_BIT_CONVERSION = YES;
				GCC_WARN_ABOUT_RETURN_TYPE = YES_ERROR;
				GCC_WARN_UNDECLARED_SELECTOR = YES;
				GCC_WARN_UNINITIALIZED_AUTOS = YES_AGGRESSIVE;
				GCC_WARN_UNUSED_FUNCTION = YES;
				GCC_WARN_UNUSED_VARIABLE = YES;
				IPHONEOS_DEPLOYMENT_TARGET = 15.6;
				LOCALIZATION_PREFERS_STRING_CATALOGS = YES;
				MTL_ENABLE_DEBUG_INFO = INCLUDE_SOURCE;
				MTL_FAST_MATH = YES;
				ONLY_ACTIVE_ARCH = YES;
				SDKROOT = iphoneos;
				SWIFT_ACTIVE_COMPILATION_CONDITIONS = "DEBUG $(inherited)";
				SWIFT_OPTIMIZATION_LEVEL = "-Onone";
				SWIFT_VERSION = 6.0;
			};
			name = Debug;
		};
		4DFA26CF2D7EB2DF00CD3D0B /* Release */ = {
			isa = XCBuildConfiguration;
			buildSettings = {
				ALWAYS_SEARCH_USER_PATHS = NO;
				ASSETCATALOG_COMPILER_GENERATE_SWIFT_ASSET_SYMBOL_EXTENSIONS = YES;
				CLANG_ANALYZER_NONNULL = YES;
				CLANG_ANALYZER_NUMBER_OBJECT_CONVERSION = YES_AGGRESSIVE;
				CLANG_CXX_LANGUAGE_STANDARD = "gnu++20";
				CLANG_ENABLE_MODULES = YES;
				CLANG_ENABLE_OBJC_ARC = YES;
				CLANG_ENABLE_OBJC_WEAK = YES;
				CLANG_WARN_BLOCK_CAPTURE_AUTORELEASING = YES;
				CLANG_WARN_BOOL_CONVERSION = YES;
				CLANG_WARN_COMMA = YES;
				CLANG_WARN_CONSTANT_CONVERSION = YES;
				CLANG_WARN_DEPRECATED_OBJC_IMPLEMENTATIONS = YES;
				CLANG_WARN_DIRECT_OBJC_ISA_USAGE = YES_ERROR;
				CLANG_WARN_DOCUMENTATION_COMMENTS = YES;
				CLANG_WARN_EMPTY_BODY = YES;
				CLANG_WARN_ENUM_CONVERSION = YES;
				CLANG_WARN_INFINITE_RECURSION = YES;
				CLANG_WARN_INT_CONVERSION = YES;
				CLANG_WARN_NON_LITERAL_NULL_CONVERSION = YES;
				CLANG_WARN_OBJC_IMPLICIT_RETAIN_SELF = YES;
				CLANG_WARN_OBJC_LITERAL_CONVERSION = YES;
				CLANG_WARN_OBJC_ROOT_CLASS = YES_ERROR;
				CLANG_WARN_QUOTED_INCLUDE_IN_FRAMEWORK_HEADER = YES;
				CLANG_WARN_RANGE_LOOP_ANALYSIS = YES;
				CLANG_WARN_STRICT_PROTOTYPES = YES;
				CLANG_WARN_SUSPICIOUS_MOVE = YES;
				CLANG_WARN_UNGUARDED_AVAILABILITY = YES_AGGRESSIVE;
				CLANG_WARN_UNREACHABLE_CODE = YES;
				CLANG_WARN__DUPLICATE_METHOD_MATCH = YES;
				COPY_PHASE_STRIP = NO;
				DEBUG_INFORMATION_FORMAT = "dwarf-with-dsym";
				ENABLE_NS_ASSERTIONS = NO;
				ENABLE_STRICT_OBJC_MSGSEND = YES;
				ENABLE_USER_SCRIPT_SANDBOXING = YES;
				GCC_C_LANGUAGE_STANDARD = gnu17;
				GCC_NO_COMMON_BLOCKS = YES;
				GCC_WARN_64_TO_32_BIT_CONVERSION = YES;
				GCC_WARN_ABOUT_RETURN_TYPE = YES_ERROR;
				GCC_WARN_UNDECLARED_SELECTOR = YES;
				GCC_WARN_UNINITIALIZED_AUTOS = YES_AGGRESSIVE;
				GCC_WARN_UNUSED_FUNCTION = YES;
				GCC_WARN_UNUSED_VARIABLE = YES;
				IPHONEOS_DEPLOYMENT_TARGET = 15.6;
				LOCALIZATION_PREFERS_STRING_CATALOGS = YES;
				MTL_ENABLE_DEBUG_INFO = NO;
				MTL_FAST_MATH = YES;
				SDKROOT = iphoneos;
				SWIFT_COMPILATION_MODE = wholemodule;
				SWIFT_VERSION = 6.0;
				VALIDATE_PRODUCT = YES;
			};
			name = Release;
		};
		4DFA26D12D7EB2DF00CD3D0B /* Debug */ = {
			isa = XCBuildConfiguration;
			buildSettings = {
				BUNDLE_LOADER = "$(TEST_HOST)";
				CODE_SIGN_STYLE = Automatic;
				CURRENT_PROJECT_VERSION = 1;
				GENERATE_INFOPLIST_FILE = YES;
				IPHONEOS_DEPLOYMENT_TARGET = 15.6;
				MARKETING_VERSION = 1.0;
				PRODUCT_BUNDLE_IDENTIFIER = io.GithubTCATests;
				PRODUCT_NAME = "$(TARGET_NAME)";
				SWIFT_EMIT_LOC_STRINGS = NO;
				SWIFT_VERSION = 6.0;
				TARGETED_DEVICE_FAMILY = "1,2";
				TEST_HOST = "$(BUILT_PRODUCTS_DIR)/GithubTCA.app/$(BUNDLE_EXECUTABLE_FOLDER_PATH)/GithubTCA";
			};
			name = Debug;
		};
		4DFA26D22D7EB2DF00CD3D0B /* Release */ = {
			isa = XCBuildConfiguration;
			buildSettings = {
				BUNDLE_LOADER = "$(TEST_HOST)";
				CODE_SIGN_STYLE = Automatic;
				CURRENT_PROJECT_VERSION = 1;
				GENERATE_INFOPLIST_FILE = YES;
				IPHONEOS_DEPLOYMENT_TARGET = 15.6;
				MARKETING_VERSION = 1.0;
				PRODUCT_BUNDLE_IDENTIFIER = io.GithubTCATests;
				PRODUCT_NAME = "$(TARGET_NAME)";
				SWIFT_EMIT_LOC_STRINGS = NO;
				SWIFT_VERSION = 6.0;
				TARGETED_DEVICE_FAMILY = "1,2";
				TEST_HOST = "$(BUILT_PRODUCTS_DIR)/GithubTCA.app/$(BUNDLE_EXECUTABLE_FOLDER_PATH)/GithubTCA";
			};
			name = Release;
		};
		4DFA26D42D7EB2DF00CD3D0B /* Debug */ = {
			isa = XCBuildConfiguration;
			buildSettings = {
				CODE_SIGN_STYLE = Automatic;
				CURRENT_PROJECT_VERSION = 1;
				DEVELOPMENT_TEAM = "";
				GENERATE_INFOPLIST_FILE = YES;
				MARKETING_VERSION = 1.0;
				PRODUCT_BUNDLE_IDENTIFIER = io.GithubTCAUITests;
				PRODUCT_NAME = "$(TARGET_NAME)";
				SWIFT_EMIT_LOC_STRINGS = NO;
				SWIFT_VERSION = 6.0;
				TARGETED_DEVICE_FAMILY = "1,2";
				TEST_TARGET_NAME = GithubTCA;
			};
			name = Debug;
		};
		4DFA26D52D7EB2DF00CD3D0B /* Release */ = {
			isa = XCBuildConfiguration;
			buildSettings = {
				CODE_SIGN_STYLE = Automatic;
				CURRENT_PROJECT_VERSION = 1;
				DEVELOPMENT_TEAM = "";
				GENERATE_INFOPLIST_FILE = YES;
				MARKETING_VERSION = 1.0;
				PRODUCT_BUNDLE_IDENTIFIER = io.GithubTCAUITests;
				PRODUCT_NAME = "$(TARGET_NAME)";
				SWIFT_EMIT_LOC_STRINGS = NO;
				SWIFT_VERSION = 6.0;
				TARGETED_DEVICE_FAMILY = "1,2";
				TEST_TARGET_NAME = GithubTCA;
			};
			name = Release;
		};
/* End XCBuildConfiguration section */

/* Begin XCConfigurationList section */
		4DFA269A2D7EB2DE00CD3D0B /* Build configuration list for PBXProject "GithubTCA" */ = {
			isa = XCConfigurationList;
			buildConfigurations = (
				4DFA26CE2D7EB2DF00CD3D0B /* Debug */,
				4DFA26CF2D7EB2DF00CD3D0B /* Release */,
			);
			defaultConfigurationIsVisible = 0;
			defaultConfigurationName = Release;
		};
		4DFA26CB2D7EB2DF00CD3D0B /* Build configuration list for PBXNativeTarget "GithubTCA" */ = {
			isa = XCConfigurationList;
			buildConfigurations = (
				4DFA26CC2D7EB2DF00CD3D0B /* Debug */,
				4DFA26CD2D7EB2DF00CD3D0B /* Release */,
			);
			defaultConfigurationIsVisible = 0;
			defaultConfigurationName = Release;
		};
		4DFA26D02D7EB2DF00CD3D0B /* Build configuration list for PBXNativeTarget "GithubTCATests" */ = {
			isa = XCConfigurationList;
			buildConfigurations = (
				4DFA26D12D7EB2DF00CD3D0B /* Debug */,
				4DFA26D22D7EB2DF00CD3D0B /* Release */,
			);
			defaultConfigurationIsVisible = 0;
			defaultConfigurationName = Release;
		};
		4DFA26D32D7EB2DF00CD3D0B /* Build configuration list for PBXNativeTarget "GithubTCAUITests" */ = {
			isa = XCConfigurationList;
			buildConfigurations = (
				4DFA26D42D7EB2DF00CD3D0B /* Debug */,
				4DFA26D52D7EB2DF00CD3D0B /* Release */,
			);
			defaultConfigurationIsVisible = 0;
			defaultConfigurationName = Release;
		};
/* End XCConfigurationList section */

/* Begin XCRemoteSwiftPackageReference section */
		4DFA26D92D7EB43700CD3D0B /* XCRemoteSwiftPackageReference "swift-composable-architecture" */ = {
			isa = XCRemoteSwiftPackageReference;
			repositoryURL = "https://github.com/pointfreeco/swift-composable-architecture.git";
			requirement = {
				kind = upToNextMajorVersion;
				minimumVersion = 1.18.0;
			};
		};
/* End XCRemoteSwiftPackageReference section */

/* Begin XCSwiftPackageProductDependency section */
		4DFA26DA2D7EB43700CD3D0B /* ComposableArchitecture */ = {
			isa = XCSwiftPackageProductDependency;
			package = 4DFA26D92D7EB43700CD3D0B /* XCRemoteSwiftPackageReference "swift-composable-architecture" */;
			productName = ComposableArchitecture;
		};
/* End XCSwiftPackageProductDependency section */
	};
	rootObject = 4DFA26972D7EB2DE00CD3D0B /* Project object */;
}
