// !$*UTF8*$!
{
	archiveVersion = 1;
	classes = {
	};
	objectVersion = 50;
	objects = {

/* Begin PBXBuildFile section */
		4D583A1C2607960D008BAB1E /* 5211. Optional Operator.swift in Sources */ = {isa = PBXBuildFile; fileRef = 4D583A1A260786DB008BAB1E /* 5211. Optional Operator.swift */; };
		4D595BCF25FE67000098B374 /* 5141. Trinomial Condition Operator.swift in Sources */ = {isa = PBXBuildFile; fileRef = 4D595BCE25FE67000098B374 /* 5141. Trinomial Condition Operator.swift */; };
		4DAA7FA025FBE6EB004CB9CE /* main.swift in Sources */ = {isa = PBXBuildFile; fileRef = 4DAA7F9F25FBE6EB004CB9CE /* main.swift */; };
		4DAA7FB225FE5718004CB9CE /* 5111. Assign.swift in Sources */ = {isa = PBXBuildFile; fileRef = 4DAA7FB125FE5718004CB9CE /* 5111. Assign.swift */; };
		4DAA7FB525FE5815004CB9CE /* 5121. Arithmetic.swift in Sources */ = {isa = PBXBuildFile; fileRef = 4DAA7FB425FE5815004CB9CE /* 5121. Arithmetic.swift */; };
		4DAA7FB925FE5910004CB9CE /* 5122. Arithmetic.swift in Sources */ = {isa = PBXBuildFile; fileRef = 4DAA7FB825FE5910004CB9CE /* 5122. Arithmetic.swift */; };
		4DAA7FBC25FE5B13004CB9CE /* 5131. Comparison.swift in Sources */ = {isa = PBXBuildFile; fileRef = 4DAA7FBB25FE5B13004CB9CE /* 5131. Comparison.swift */; };
		4DAA7FC025FE5CCA004CB9CE /* 5132. Reference Comparison.swift in Sources */ = {isa = PBXBuildFile; fileRef = 4DAA7FBF25FE5CCA004CB9CE /* 5132. Reference Comparison.swift */; };
		4DAA7FC325FE61CC004CB9CE /* 5133. Pattern Match Comparison.swift in Sources */ = {isa = PBXBuildFile; fileRef = 4DAA7FC225FE61CC004CB9CE /* 5133. Pattern Match Comparison.swift */; };
		4DAA7FC625FE6410004CB9CE /* 5134. Pattern Match Comparison.swift in Sources */ = {isa = PBXBuildFile; fileRef = 4DAA7FC525FE6410004CB9CE /* 5134. Pattern Match Comparison.swift */; };
		4DDB21AE2600DF0900F5BBAC /* 5151. Range Operator.swift in Sources */ = {isa = PBXBuildFile; fileRef = 4DDB21AD2600DF0900F5BBAC /* 5151. Range Operator.swift */; };
		4DDB21B22600ECAF00F5BBAC /* 5152. Range Operator.swift in Sources */ = {isa = PBXBuildFile; fileRef = 4DDB21B12600ECAF00F5BBAC /* 5152. Range Operator.swift */; };
		4DDB21B52600EEC200F5BBAC /* 5161. Bool Operator.swift in Sources */ = {isa = PBXBuildFile; fileRef = 4DDB21B42600EEC200F5BBAC /* 5161. Bool Operator.swift */; };
		4DDB21B82600F00500F5BBAC /* 5171. Bit Operator.swift in Sources */ = {isa = PBXBuildFile; fileRef = 4DDB21B72600F00500F5BBAC /* 5171. Bit Operator.swift */; };
		4DDB21FA2600FBC600F5BBAC /* 5181. Compound Assignment Operator.swift in Sources */ = {isa = PBXBuildFile; fileRef = 4DDB21F92600FBC600F5BBAC /* 5181. Compound Assignment Operator.swift */; };
		4DDB21FD2600FCBB00F5BBAC /* 5191. Overflow Operator.swift in Sources */ = {isa = PBXBuildFile; fileRef = 4DDB21FC2600FCBB00F5BBAC /* 5191. Overflow Operator.swift */; };
		4DDB22012600FE9700F5BBAC /* 5192. Optional Operator.swift in Sources */ = {isa = PBXBuildFile; fileRef = 4DDB22002600FE9700F5BBAC /* 5192. Optional Operator.swift */; };
/* End PBXBuildFile section */

/* Begin PBXCopyFilesBuildPhase section */
		4DAA7F9A25FBE6EB004CB9CE /* CopyFiles */ = {
			isa = PBXCopyFilesBuildPhase;
			buildActionMask = 2147483647;
			dstPath = /usr/share/man/man1/;
			dstSubfolderSpec = 0;
			files = (
			);
			runOnlyForDeploymentPostprocessing = 1;
		};
/* End PBXCopyFilesBuildPhase section */

/* Begin PBXFileReference section */
		4D583A1A260786DB008BAB1E /* 5211. Optional Operator.swift */ = {isa = PBXFileReference; lastKnownFileType = sourcecode.swift; path = "5211. Optional Operator.swift"; sourceTree = "<group>"; };
		4D595BCE25FE67000098B374 /* 5141. Trinomial Condition Operator.swift */ = {isa = PBXFileReference; fileEncoding = 4; lastKnownFileType = sourcecode.swift; path = "5141. Trinomial Condition Operator.swift"; sourceTree = "<group>"; };
		4D8DB9A726010264007027C8 /* README.md */ = {isa = PBXFileReference; lastKnownFileType = net.daringfireball.markdown; path = README.md; sourceTree = "<group>"; };
		4DAA7F9C25FBE6EB004CB9CE /* Operator */ = {isa = PBXFileReference; explicitFileType = "compiled.mach-o.executable"; includeInIndex = 0; path = Operator; sourceTree = BUILT_PRODUCTS_DIR; };
		4DAA7F9F25FBE6EB004CB9CE /* main.swift */ = {isa = PBXFileReference; lastKnownFileType = sourcecode.swift; path = main.swift; sourceTree = "<group>"; };
		4DAA7FAF25FBE749004CB9CE /* README.md */ = {isa = PBXFileReference; lastKnownFileType = net.daringfireball.markdown; path = README.md; sourceTree = "<group>"; };
		4DAA7FB125FE5718004CB9CE /* 5111. Assign.swift */ = {isa = PBXFileReference; lastKnownFileType = sourcecode.swift; path = "5111. Assign.swift"; sourceTree = "<group>"; };
		4DAA7FB425FE5815004CB9CE /* 5121. Arithmetic.swift */ = {isa = PBXFileReference; fileEncoding = 4; lastKnownFileType = sourcecode.swift; path = "5121. Arithmetic.swift"; sourceTree = "<group>"; };
		4DAA7FB825FE5910004CB9CE /* 5122. Arithmetic.swift */ = {isa = PBXFileReference; fileEncoding = 4; lastKnownFileType = sourcecode.swift; path = "5122. Arithmetic.swift"; sourceTree = "<group>"; };
		4DAA7FBB25FE5B13004CB9CE /* 5131. Comparison.swift */ = {isa = PBXFileReference; fileEncoding = 4; lastKnownFileType = sourcecode.swift; path = "5131. Comparison.swift"; sourceTree = "<group>"; };
		4DAA7FBF25FE5CCA004CB9CE /* 5132. Reference Comparison.swift */ = {isa = PBXFileReference; fileEncoding = 4; lastKnownFileType = sourcecode.swift; path = "5132. Reference Comparison.swift"; sourceTree = "<group>"; };
		4DAA7FC225FE61CC004CB9CE /* 5133. Pattern Match Comparison.swift */ = {isa = PBXFileReference; fileEncoding = 4; lastKnownFileType = sourcecode.swift; path = "5133. Pattern Match Comparison.swift"; sourceTree = "<group>"; };
		4DAA7FC525FE6410004CB9CE /* 5134. Pattern Match Comparison.swift */ = {isa = PBXFileReference; fileEncoding = 4; lastKnownFileType = sourcecode.swift; path = "5134. Pattern Match Comparison.swift"; sourceTree = "<group>"; };
		4DDB21AD2600DF0900F5BBAC /* 5151. Range Operator.swift */ = {isa = PBXFileReference; fileEncoding = 4; lastKnownFileType = sourcecode.swift; path = "5151. Range Operator.swift"; sourceTree = "<group>"; };
		4DDB21B12600ECAF00F5BBAC /* 5152. Range Operator.swift */ = {isa = PBXFileReference; fileEncoding = 4; lastKnownFileType = sourcecode.swift; path = "5152. Range Operator.swift"; sourceTree = "<group>"; };
		4DDB21B42600EEC200F5BBAC /* 5161. Bool Operator.swift */ = {isa = PBXFileReference; fileEncoding = 4; lastKnownFileType = sourcecode.swift; path = "5161. Bool Operator.swift"; sourceTree = "<group>"; };
		4DDB21B72600F00500F5BBAC /* 5171. Bit Operator.swift */ = {isa = PBXFileReference; fileEncoding = 4; lastKnownFileType = sourcecode.swift; path = "5171. Bit Operator.swift"; sourceTree = "<group>"; };
		4DDB21F92600FBC600F5BBAC /* 5181. Compound Assignment Operator.swift */ = {isa = PBXFileReference; fileEncoding = 4; lastKnownFileType = sourcecode.swift; path = "5181. Compound Assignment Operator.swift"; sourceTree = "<group>"; };
		4DDB21FC2600FCBB00F5BBAC /* 5191. Overflow Operator.swift */ = {isa = PBXFileReference; fileEncoding = 4; lastKnownFileType = sourcecode.swift; path = "5191. Overflow Operator.swift"; sourceTree = "<group>"; };
		4DDB22002600FE9700F5BBAC /* 5192. Optional Operator.swift */ = {isa = PBXFileReference; fileEncoding = 4; lastKnownFileType = sourcecode.swift; path = "5192. Optional Operator.swift"; sourceTree = "<group>"; };
/* End PBXFileReference section */

/* Begin PBXFrameworksBuildPhase section */
		4DAA7F9925FBE6EB004CB9CE /* Frameworks */ = {
			isa = PBXFrameworksBuildPhase;
			buildActionMask = 2147483647;
			files = (
			);
			runOnlyForDeploymentPostprocessing = 0;
		};
/* End PBXFrameworksBuildPhase section */

/* Begin PBXGroup section */
		4DAA7F9325FBE6EB004CB9CE = {
			isa = PBXGroup;
			children = (
				4DAA7F9E25FBE6EB004CB9CE /* Operator */,
				4DAA7F9D25FBE6EB004CB9CE /* Products */,
			);
			sourceTree = "<group>";
		};
		4DAA7F9D25FBE6EB004CB9CE /* Products */ = {
			isa = PBXGroup;
			children = (
				4DAA7F9C25FBE6EB004CB9CE /* Operator */,
			);
			name = Products;
			sourceTree = "<group>";
		};
		4DAA7F9E25FBE6EB004CB9CE /* Operator */ = {
			isa = PBXGroup;
			children = (
				4DAA7FAF25FBE749004CB9CE /* README.md */,
				4DAA7F9F25FBE6EB004CB9CE /* main.swift */,
				4DAA7FB025FE56F1004CB9CE /* Operator */,
				4DDB22042600FF3900F5BBAC /* Precedence */,
				4DDB22052600FF4F00F5BBAC /* Associativity */,
			);
			path = Operator;
			sourceTree = "<group>";
		};
		4DAA7FB025FE56F1004CB9CE /* Operator */ = {
			isa = PBXGroup;
			children = (
				4DAA7FB125FE5718004CB9CE /* 5111. Assign.swift */,
				4DAA7FB425FE5815004CB9CE /* 5121. Arithmetic.swift */,
				4DAA7FB825FE5910004CB9CE /* 5122. Arithmetic.swift */,
				4DAA7FBB25FE5B13004CB9CE /* 5131. Comparison.swift */,
				4DAA7FBF25FE5CCA004CB9CE /* 5132. Reference Comparison.swift */,
				4DAA7FC225FE61CC004CB9CE /* 5133. Pattern Match Comparison.swift */,
				4DAA7FC525FE6410004CB9CE /* 5134. Pattern Match Comparison.swift */,
				4D595BCE25FE67000098B374 /* 5141. Trinomial Condition Operator.swift */,
				4DDB21AD2600DF0900F5BBAC /* 5151. Range Operator.swift */,
				4DDB21B12600ECAF00F5BBAC /* 5152. Range Operator.swift */,
				4DDB21B42600EEC200F5BBAC /* 5161. Bool Operator.swift */,
				4DDB21B72600F00500F5BBAC /* 5171. Bit Operator.swift */,
				4DDB21F92600FBC600F5BBAC /* 5181. Compound Assignment Operator.swift */,
				4DDB21FC2600FCBB00F5BBAC /* 5191. Overflow Operator.swift */,
				4DDB22002600FE9700F5BBAC /* 5192. Optional Operator.swift */,
			);
			path = Operator;
			sourceTree = "<group>";
		};
		4DDB22042600FF3900F5BBAC /* Precedence */ = {
			isa = PBXGroup;
			children = (
				4D8DB9A726010264007027C8 /* README.md */,
				4D583A1A260786DB008BAB1E /* 5211. Optional Operator.swift */,
			);
			path = Precedence;
			sourceTree = "<group>";
		};
		4DDB22052600FF4F00F5BBAC /* Associativity */ = {
			isa = PBXGroup;
			children = (
			);
			path = Associativity;
			sourceTree = "<group>";
		};
/* End PBXGroup section */

/* Begin PBXNativeTarget section */
		4DAA7F9B25FBE6EB004CB9CE /* Operator */ = {
			isa = PBXNativeTarget;
			buildConfigurationList = 4DAA7FA325FBE6EB004CB9CE /* Build configuration list for PBXNativeTarget "Operator" */;
			buildPhases = (
				4DAA7F9825FBE6EB004CB9CE /* Sources */,
				4DAA7F9925FBE6EB004CB9CE /* Frameworks */,
				4DAA7F9A25FBE6EB004CB9CE /* CopyFiles */,
			);
			buildRules = (
			);
			dependencies = (
			);
			name = Operator;
			productName = Operator;
			productReference = 4DAA7F9C25FBE6EB004CB9CE /* Operator */;
			productType = "com.apple.product-type.tool";
		};
/* End PBXNativeTarget section */

/* Begin PBXProject section */
		4DAA7F9425FBE6EB004CB9CE /* Project object */ = {
			isa = PBXProject;
			attributes = {
				LastSwiftUpdateCheck = 1240;
				LastUpgradeCheck = 1240;
				TargetAttributes = {
					4DAA7F9B25FBE6EB004CB9CE = {
						CreatedOnToolsVersion = 12.4;
					};
				};
			};
			buildConfigurationList = 4DAA7F9725FBE6EB004CB9CE /* Build configuration list for PBXProject "Operator" */;
			compatibilityVersion = "Xcode 9.3";
			developmentRegion = en;
			hasScannedForEncodings = 0;
			knownRegions = (
				en,
				Base,
			);
			mainGroup = 4DAA7F9325FBE6EB004CB9CE;
			productRefGroup = 4DAA7F9D25FBE6EB004CB9CE /* Products */;
			projectDirPath = "";
			projectRoot = "";
			targets = (
				4DAA7F9B25FBE6EB004CB9CE /* Operator */,
			);
		};
/* End PBXProject section */

/* Begin PBXSourcesBuildPhase section */
		4DAA7F9825FBE6EB004CB9CE /* Sources */ = {
			isa = PBXSourcesBuildPhase;
			buildActionMask = 2147483647;
			files = (
				4DAA7FC325FE61CC004CB9CE /* 5133. Pattern Match Comparison.swift in Sources */,
				4DAA7FB525FE5815004CB9CE /* 5121. Arithmetic.swift in Sources */,
				4D583A1C2607960D008BAB1E /* 5211. Optional Operator.swift in Sources */,
				4DAA7FA025FBE6EB004CB9CE /* main.swift in Sources */,
				4DAA7FB925FE5910004CB9CE /* 5122. Arithmetic.swift in Sources */,
				4DDB21B82600F00500F5BBAC /* 5171. Bit Operator.swift in Sources */,
				4DAA7FB225FE5718004CB9CE /* 5111. Assign.swift in Sources */,
				4DDB21FA2600FBC600F5BBAC /* 5181. Compound Assignment Operator.swift in Sources */,
				4DDB22012600FE9700F5BBAC /* 5192. Optional Operator.swift in Sources */,
				4DAA7FBC25FE5B13004CB9CE /* 5131. Comparison.swift in Sources */,
				4DDB21B52600EEC200F5BBAC /* 5161. Bool Operator.swift in Sources */,
				4DDB21FD2600FCBB00F5BBAC /* 5191. Overflow Operator.swift in Sources */,
				4DDB21B22600ECAF00F5BBAC /* 5152. Range Operator.swift in Sources */,
				4DAA7FC025FE5CCA004CB9CE /* 5132. Reference Comparison.swift in Sources */,
				4D595BCF25FE67000098B374 /* 5141. Trinomial Condition Operator.swift in Sources */,
				4DDB21AE2600DF0900F5BBAC /* 5151. Range Operator.swift in Sources */,
				4DAA7FC625FE6410004CB9CE /* 5134. Pattern Match Comparison.swift in Sources */,
			);
			runOnlyForDeploymentPostprocessing = 0;
		};
/* End PBXSourcesBuildPhase section */

/* Begin XCBuildConfiguration section */
		4DAA7FA125FBE6EB004CB9CE /* Debug */ = {
			isa = XCBuildConfiguration;
			buildSettings = {
				ALWAYS_SEARCH_USER_PATHS = NO;
				CLANG_ANALYZER_NONNULL = YES;
				CLANG_ANALYZER_NUMBER_OBJECT_CONVERSION = YES_AGGRESSIVE;
				CLANG_CXX_LANGUAGE_STANDARD = "gnu++14";
				CLANG_CXX_LIBRARY = "libc++";
				CLANG_ENABLE_MODULES = YES;
				CLANG_ENABLE_OBJC_ARC = YES;
				CLANG_ENABLE_OBJC_WEAK = YES;
				CLANG_WARN_BLOCK_CAPTURE_AUTORELEASING = YES;
				CLANG_WARN_BOOL_CONVERSION = YES;
				CLANG_WARN_COMMA = YES;
				CLANG_WARN_CONSTANT_CONVERSION = YES;
				CLANG_WARN_DEPRECATED_OBJC_IMPLEMENTATIONS = YES;
				CLANG_WARN_DIRECT_OBJC_ISA_USAGE = YES_ERROR;
				CLANG_WARN_DOCUMENTATION_COMMENTS = YES;
				CLANG_WARN_EMPTY_BODY = YES;
				CLANG_WARN_ENUM_CONVERSION = YES;
				CLANG_WARN_INFINITE_RECURSION = YES;
				CLANG_WARN_INT_CONVERSION = YES;
				CLANG_WARN_NON_LITERAL_NULL_CONVERSION = YES;
				CLANG_WARN_OBJC_IMPLICIT_RETAIN_SELF = YES;
				CLANG_WARN_OBJC_LITERAL_CONVERSION = YES;
				CLANG_WARN_OBJC_ROOT_CLASS = YES_ERROR;
				CLANG_WARN_QUOTED_INCLUDE_IN_FRAMEWORK_HEADER = YES;
				CLANG_WARN_RANGE_LOOP_ANALYSIS = YES;
				CLANG_WARN_STRICT_PROTOTYPES = YES;
				CLANG_WARN_SUSPICIOUS_MOVE = YES;
				CLANG_WARN_UNGUARDED_AVAILABILITY = YES_AGGRESSIVE;
				CLANG_WARN_UNREACHABLE_CODE = YES;
				CLANG_WARN__DUPLICATE_METHOD_MATCH = YES;
				COPY_PHASE_STRIP = NO;
				DEBUG_INFORMATION_FORMAT = dwarf;
				ENABLE_STRICT_OBJC_MSGSEND = YES;
				ENABLE_TESTABILITY = YES;
				GCC_C_LANGUAGE_STANDARD = gnu11;
				GCC_DYNAMIC_NO_PIC = NO;
				GCC_NO_COMMON_BLOCKS = YES;
				GCC_OPTIMIZATION_LEVEL = 0;
				GCC_PREPROCESSOR_DEFINITIONS = (
					"DEBUG=1",
					"$(inherited)",
				);
				GCC_WARN_64_TO_32_BIT_CONVERSION = YES;
				GCC_WARN_ABOUT_RETURN_TYPE = YES_ERROR;
				GCC_WARN_UNDECLARED_SELECTOR = YES;
				GCC_WARN_UNINITIALIZED_AUTOS = YES_AGGRESSIVE;
				GCC_WARN_UNUSED_FUNCTION = YES;
				GCC_WARN_UNUSED_VARIABLE = YES;
				MACOSX_DEPLOYMENT_TARGET = 11.1;
				MTL_ENABLE_DEBUG_INFO = INCLUDE_SOURCE;
				MTL_FAST_MATH = YES;
				ONLY_ACTIVE_ARCH = YES;
				SDKROOT = macosx;
				SWIFT_ACTIVE_COMPILATION_CONDITIONS = DEBUG;
				SWIFT_OPTIMIZATION_LEVEL = "-Onone";
			};
			name = Debug;
		};
		4DAA7FA225FBE6EB004CB9CE /* Release */ = {
			isa = XCBuildConfiguration;
			buildSettings = {
				ALWAYS_SEARCH_USER_PATHS = NO;
				CLANG_ANALYZER_NONNULL = YES;
				CLANG_ANALYZER_NUMBER_OBJECT_CONVERSION = YES_AGGRESSIVE;
				CLANG_CXX_LANGUAGE_STANDARD = "gnu++14";
				CLANG_CXX_LIBRARY = "libc++";
				CLANG_ENABLE_MODULES = YES;
				CLANG_ENABLE_OBJC_ARC = YES;
				CLANG_ENABLE_OBJC_WEAK = YES;
				CLANG_WARN_BLOCK_CAPTURE_AUTORELEASING = YES;
				CLANG_WARN_BOOL_CONVERSION = YES;
				CLANG_WARN_COMMA = YES;
				CLANG_WARN_CONSTANT_CONVERSION = YES;
				CLANG_WARN_DEPRECATED_OBJC_IMPLEMENTATIONS = YES;
				CLANG_WARN_DIRECT_OBJC_ISA_USAGE = YES_ERROR;
				CLANG_WARN_DOCUMENTATION_COMMENTS = YES;
				CLANG_WARN_EMPTY_BODY = YES;
				CLANG_WARN_ENUM_CONVERSION = YES;
				CLANG_WARN_INFINITE_RECURSION = YES;
				CLANG_WARN_INT_CONVERSION = YES;
				CLANG_WARN_NON_LITERAL_NULL_CONVERSION = YES;
				CLANG_WARN_OBJC_IMPLICIT_RETAIN_SELF = YES;
				CLANG_WARN_OBJC_LITERAL_CONVERSION = YES;
				CLANG_WARN_OBJC_ROOT_CLASS = YES_ERROR;
				CLANG_WARN_QUOTED_INCLUDE_IN_FRAMEWORK_HEADER = YES;
				CLANG_WARN_RANGE_LOOP_ANALYSIS = YES;
				CLANG_WARN_STRICT_PROTOTYPES = YES;
				CLANG_WARN_SUSPICIOUS_MOVE = YES;
				CLANG_WARN_UNGUARDED_AVAILABILITY = YES_AGGRESSIVE;
				CLANG_WARN_UNREACHABLE_CODE = YES;
				CLANG_WARN__DUPLICATE_METHOD_MATCH = YES;
				COPY_PHASE_STRIP = NO;
				DEBUG_INFORMATION_FORMAT = "dwarf-with-dsym";
				ENABLE_NS_ASSERTIONS = NO;
				ENABLE_STRICT_OBJC_MSGSEND = YES;
				GCC_C_LANGUAGE_STANDARD = gnu11;
				GCC_NO_COMMON_BLOCKS = YES;
				GCC_WARN_64_TO_32_BIT_CONVERSION = YES;
				GCC_WARN_ABOUT_RETURN_TYPE = YES_ERROR;
				GCC_WARN_UNDECLARED_SELECTOR = YES;
				GCC_WARN_UNINITIALIZED_AUTOS = YES_AGGRESSIVE;
				GCC_WARN_UNUSED_FUNCTION = YES;
				GCC_WARN_UNUSED_VARIABLE = YES;
				MACOSX_DEPLOYMENT_TARGET = 11.1;
				MTL_ENABLE_DEBUG_INFO = NO;
				MTL_FAST_MATH = YES;
				SDKROOT = macosx;
				SWIFT_COMPILATION_MODE = wholemodule;
				SWIFT_OPTIMIZATION_LEVEL = "-O";
			};
			name = Release;
		};
		4DAA7FA425FBE6EB004CB9CE /* Debug */ = {
			isa = XCBuildConfiguration;
			buildSettings = {
				CODE_SIGN_STYLE = Automatic;
				PRODUCT_NAME = "$(TARGET_NAME)";
				SWIFT_VERSION = 5.0;
			};
			name = Debug;
		};
		4DAA7FA525FBE6EB004CB9CE /* Release */ = {
			isa = XCBuildConfiguration;
			buildSettings = {
				CODE_SIGN_STYLE = Automatic;
				PRODUCT_NAME = "$(TARGET_NAME)";
				SWIFT_VERSION = 5.0;
			};
			name = Release;
		};
/* End XCBuildConfiguration section */

/* Begin XCConfigurationList section */
		4DAA7F9725FBE6EB004CB9CE /* Build configuration list for PBXProject "Operator" */ = {
			isa = XCConfigurationList;
			buildConfigurations = (
				4DAA7FA125FBE6EB004CB9CE /* Debug */,
				4DAA7FA225FBE6EB004CB9CE /* Release */,
			);
			defaultConfigurationIsVisible = 0;
			defaultConfigurationName = Release;
		};
		4DAA7FA325FBE6EB004CB9CE /* Build configuration list for PBXNativeTarget "Operator" */ = {
			isa = XCConfigurationList;
			buildConfigurations = (
				4DAA7FA425FBE6EB004CB9CE /* Debug */,
				4DAA7FA525FBE6EB004CB9CE /* Release */,
			);
			defaultConfigurationIsVisible = 0;
			defaultConfigurationName = Release;
		};
/* End XCConfigurationList section */
	};
	rootObject = 4DAA7F9425FBE6EB004CB9CE /* Project object */;
}
