// !$*UTF8*$!
{
	archiveVersion = 1;
	classes = {
	};
	objectVersion = 55;
	objects = {

/* Begin PBXBuildFile section */
		C4272AC5272E5F2B00BE0771 /* PlaygroundApp.swift in Sources */ = {isa = PBXBuildFile; fileRef = C4272AB5272E5F2A00BE0771 /* PlaygroundApp.swift */; };
		C4272AC6272E5F2B00BE0771 /* PlaygroundApp.swift in Sources */ = {isa = PBXBuildFile; fileRef = C4272AB5272E5F2A00BE0771 /* PlaygroundApp.swift */; };
		C4272AC7272E5F2B00BE0771 /* ContentView.swift in Sources */ = {isa = PBXBuildFile; fileRef = C4272AB6272E5F2A00BE0771 /* ContentView.swift */; };
		C4272AC8272E5F2B00BE0771 /* ContentView.swift in Sources */ = {isa = PBXBuildFile; fileRef = C4272AB6272E5F2A00BE0771 /* ContentView.swift */; };
		C4272AC9272E5F2B00BE0771 /* Assets.xcassets in Resources */ = {isa = PBXBuildFile; fileRef = C4272AB7272E5F2B00BE0771 /* Assets.xcassets */; };
		C4272ACA272E5F2B00BE0771 /* Assets.xcassets in Resources */ = {isa = PBXBuildFile; fileRef = C4272AB7272E5F2B00BE0771 /* Assets.xcassets */; };
/* End PBXBuildFile section */

/* Begin PBXFileReference section */
		C4272AB5272E5F2A00BE0771 /* PlaygroundApp.swift */ = {isa = PBXFileReference; lastKnownFileType = sourcecode.swift; path = PlaygroundApp.swift; sourceTree = "<group>"; };
		C4272AB6272E5F2A00BE0771 /* ContentView.swift */ = {isa = PBXFileReference; lastKnownFileType = sourcecode.swift; path = ContentView.swift; sourceTree = "<group>"; };
		C4272AB7272E5F2B00BE0771 /* Assets.xcassets */ = {isa = PBXFileReference; lastKnownFileType = folder.assetcatalog; path = Assets.xcassets; sourceTree = "<group>"; };
		C4272ABC272E5F2B00BE0771 /* 04. Playground.app */ = {isa = PBXFileReference; explicitFileType = wrapper.application; includeInIndex = 0; path = "04. Playground.app"; sourceTree = BUILT_PRODUCTS_DIR; };
		C4272AC2272E5F2B00BE0771 /* 04. Playground.app */ = {isa = PBXFileReference; explicitFileType = wrapper.application; includeInIndex = 0; path = "04. Playground.app"; sourceTree = BUILT_PRODUCTS_DIR; };
		C4272AC4272E5F2B00BE0771 /* macOS.entitlements */ = {isa = PBXFileReference; lastKnownFileType = text.plist.entitlements; path = macOS.entitlements; sourceTree = "<group>"; };
		C4272AD3272E5F7500BE0771 /* 0401. Create Playground.playground */ = {isa = PBXFileReference; lastKnownFileType = file.playground; path = "0401. Create Playground.playground"; sourceTree = "<group>"; xcLanguageSpecificationIdentifier = xcode.lang.swift; };
		C4272AD4272E640800BE0771 /* 0404. Result Area.playground */ = {isa = PBXFileReference; lastKnownFileType = file.playground; path = "0404. Result Area.playground"; sourceTree = "<group>"; xcLanguageSpecificationIdentifier = xcode.lang.swift; };
		C4272AD5272E679200BE0771 /* 0405. Rich Text.playground */ = {isa = PBXFileReference; lastKnownFileType = file.playground; path = "0405. Rich Text.playground"; sourceTree = "<group>"; xcLanguageSpecificationIdentifier = xcode.lang.swift; };
		C4272AD6272E698100BE0771 /* 0407. UIKit.playground */ = {isa = PBXFileReference; lastKnownFileType = file.playground; path = "0407. UIKit.playground"; sourceTree = "<group>"; xcLanguageSpecificationIdentifier = xcode.lang.swift; };
		C4272AD7272E6BF000BE0771 /* 0408. Resource.playground */ = {isa = PBXFileReference; lastKnownFileType = file.playground; path = "0408. Resource.playground"; sourceTree = "<group>"; xcLanguageSpecificationIdentifier = xcode.lang.swift; };
		C4272AD8272E6D9D00BE0771 /* 0409. Live View.playground */ = {isa = PBXFileReference; lastKnownFileType = file.playground; path = "0409. Live View.playground"; sourceTree = "<group>"; xcLanguageSpecificationIdentifier = xcode.lang.swift; };
/* End PBXFileReference section */

/* Begin PBXFrameworksBuildPhase section */
		C4272AB9272E5F2B00BE0771 /* Frameworks */ = {
			isa = PBXFrameworksBuildPhase;
			buildActionMask = 2147483647;
			files = (
			);
			runOnlyForDeploymentPostprocessing = 0;
		};
		C4272ABF272E5F2B00BE0771 /* Frameworks */ = {
			isa = PBXFrameworksBuildPhase;
			buildActionMask = 2147483647;
			files = (
			);
			runOnlyForDeploymentPostprocessing = 0;
		};
/* End PBXFrameworksBuildPhase section */

/* Begin PBXGroup section */
		C4272AAF272E5F2A00BE0771 = {
			isa = PBXGroup;
			children = (
				C4272AB4272E5F2A00BE0771 /* Shared */,
				C4272AC3272E5F2B00BE0771 /* macOS */,
				C4272AD3272E5F7500BE0771 /* 0401. Create Playground.playground */,
				C4272AD4272E640800BE0771 /* 0404. Result Area.playground */,
				C4272AD5272E679200BE0771 /* 0405. Rich Text.playground */,
				C4272AD6272E698100BE0771 /* 0407. UIKit.playground */,
				C4272AD7272E6BF000BE0771 /* 0408. Resource.playground */,
				C4272AD8272E6D9D00BE0771 /* 0409. Live View.playground */,
				C4272ABD272E5F2B00BE0771 /* Products */,
			);
			sourceTree = "<group>";
		};
		C4272AB4272E5F2A00BE0771 /* Shared */ = {
			isa = PBXGroup;
			children = (
				C4272AB5272E5F2A00BE0771 /* PlaygroundApp.swift */,
				C4272AB6272E5F2A00BE0771 /* ContentView.swift */,
				C4272AB7272E5F2B00BE0771 /* Assets.xcassets */,
			);
			path = Shared;
			sourceTree = "<group>";
		};
		C4272ABD272E5F2B00BE0771 /* Products */ = {
			isa = PBXGroup;
			children = (
				C4272ABC272E5F2B00BE0771 /* 04. Playground.app */,
				C4272AC2272E5F2B00BE0771 /* 04. Playground.app */,
			);
			name = Products;
			sourceTree = "<group>";
		};
		C4272AC3272E5F2B00BE0771 /* macOS */ = {
			isa = PBXGroup;
			children = (
				C4272AC4272E5F2B00BE0771 /* macOS.entitlements */,
			);
			path = macOS;
			sourceTree = "<group>";
		};
/* End PBXGroup section */

/* Begin PBXNativeTarget section */
		C4272ABB272E5F2B00BE0771 /* 04. Playground (iOS) */ = {
			isa = PBXNativeTarget;
			buildConfigurationList = C4272ACD272E5F2B00BE0771 /* Build configuration list for PBXNativeTarget "04. Playground (iOS)" */;
			buildPhases = (
				C4272AB8272E5F2B00BE0771 /* Sources */,
				C4272AB9272E5F2B00BE0771 /* Frameworks */,
				C4272ABA272E5F2B00BE0771 /* Resources */,
			);
			buildRules = (
			);
			dependencies = (
			);
			name = "04. Playground (iOS)";
			productName = "Playground (iOS)";
			productReference = C4272ABC272E5F2B00BE0771 /* 04. Playground.app */;
			productType = "com.apple.product-type.application";
		};
		C4272AC1272E5F2B00BE0771 /* 04. Playground (macOS) */ = {
			isa = PBXNativeTarget;
			buildConfigurationList = C4272AD0272E5F2B00BE0771 /* Build configuration list for PBXNativeTarget "04. Playground (macOS)" */;
			buildPhases = (
				C4272ABE272E5F2B00BE0771 /* Sources */,
				C4272ABF272E5F2B00BE0771 /* Frameworks */,
				C4272AC0272E5F2B00BE0771 /* Resources */,
			);
			buildRules = (
			);
			dependencies = (
			);
			name = "04. Playground (macOS)";
			productName = "Playground (macOS)";
			productReference = C4272AC2272E5F2B00BE0771 /* 04. Playground.app */;
			productType = "com.apple.product-type.application";
		};
/* End PBXNativeTarget section */

/* Begin PBXProject section */
		C4272AB0272E5F2A00BE0771 /* Project object */ = {
			isa = PBXProject;
			attributes = {
				BuildIndependentTargetsInParallel = 1;
				LastSwiftUpdateCheck = 1310;
				LastUpgradeCheck = 1310;
				TargetAttributes = {
					C4272ABB272E5F2B00BE0771 = {
						CreatedOnToolsVersion = 13.1;
					};
					C4272AC1272E5F2B00BE0771 = {
						CreatedOnToolsVersion = 13.1;
					};
				};
			};
			buildConfigurationList = C4272AB3272E5F2A00BE0771 /* Build configuration list for PBXProject "04. Playground" */;
			compatibilityVersion = "Xcode 13.0";
			developmentRegion = en;
			hasScannedForEncodings = 0;
			knownRegions = (
				en,
				Base,
			);
			mainGroup = C4272AAF272E5F2A00BE0771;
			productRefGroup = C4272ABD272E5F2B00BE0771 /* Products */;
			projectDirPath = "";
			projectRoot = "";
			targets = (
				C4272ABB272E5F2B00BE0771 /* 04. Playground (iOS) */,
				C4272AC1272E5F2B00BE0771 /* 04. Playground (macOS) */,
			);
		};
/* End PBXProject section */

/* Begin PBXResourcesBuildPhase section */
		C4272ABA272E5F2B00BE0771 /* Resources */ = {
			isa = PBXResourcesBuildPhase;
			buildActionMask = 2147483647;
			files = (
				C4272AC9272E5F2B00BE0771 /* Assets.xcassets in Resources */,
			);
			runOnlyForDeploymentPostprocessing = 0;
		};
		C4272AC0272E5F2B00BE0771 /* Resources */ = {
			isa = PBXResourcesBuildPhase;
			buildActionMask = 2147483647;
			files = (
				C4272ACA272E5F2B00BE0771 /* Assets.xcassets in Resources */,
			);
			runOnlyForDeploymentPostprocessing = 0;
		};
/* End PBXResourcesBuildPhase section */

/* Begin PBXSourcesBuildPhase section */
		C4272AB8272E5F2B00BE0771 /* Sources */ = {
			isa = PBXSourcesBuildPhase;
			buildActionMask = 2147483647;
			files = (
				C4272AC7272E5F2B00BE0771 /* ContentView.swift in Sources */,
				C4272AC5272E5F2B00BE0771 /* PlaygroundApp.swift in Sources */,
			);
			runOnlyForDeploymentPostprocessing = 0;
		};
		C4272ABE272E5F2B00BE0771 /* Sources */ = {
			isa = PBXSourcesBuildPhase;
			buildActionMask = 2147483647;
			files = (
				C4272AC8272E5F2B00BE0771 /* ContentView.swift in Sources */,
				C4272AC6272E5F2B00BE0771 /* PlaygroundApp.swift in Sources */,
			);
			runOnlyForDeploymentPostprocessing = 0;
		};
/* End PBXSourcesBuildPhase section */

/* Begin XCBuildConfiguration section */
		C4272ACB272E5F2B00BE0771 /* Debug */ = {
			isa = XCBuildConfiguration;
			buildSettings = {
				ALWAYS_SEARCH_USER_PATHS = NO;
				CLANG_ANALYZER_NONNULL = YES;
				CLANG_ANALYZER_NUMBER_OBJECT_CONVERSION = YES_AGGRESSIVE;
				CLANG_CXX_LANGUAGE_STANDARD = "gnu++17";
				CLANG_CXX_LIBRARY = "libc++";
				CLANG_ENABLE_MODULES = YES;
				CLANG_ENABLE_OBJC_ARC = YES;
				CLANG_ENABLE_OBJC_WEAK = YES;
				CLANG_WARN_BLOCK_CAPTURE_AUTORELEASING = YES;
				CLANG_WARN_BOOL_CONVERSION = YES;
				CLANG_WARN_COMMA = YES;
				CLANG_WARN_CONSTANT_CONVERSION = YES;
				CLANG_WARN_DEPRECATED_OBJC_IMPLEMENTATIONS = YES;
				CLANG_WARN_DIRECT_OBJC_ISA_USAGE = YES_ERROR;
				CLANG_WARN_DOCUMENTATION_COMMENTS = YES;
				CLANG_WARN_EMPTY_BODY = YES;
				CLANG_WARN_ENUM_CONVERSION = YES;
				CLANG_WARN_INFINITE_RECURSION = YES;
				CLANG_WARN_INT_CONVERSION = YES;
				CLANG_WARN_NON_LITERAL_NULL_CONVERSION = YES;
				CLANG_WARN_OBJC_IMPLICIT_RETAIN_SELF = YES;
				CLANG_WARN_OBJC_LITERAL_CONVERSION = YES;
				CLANG_WARN_OBJC_ROOT_CLASS = YES_ERROR;
				CLANG_WARN_QUOTED_INCLUDE_IN_FRAMEWORK_HEADER = YES;
				CLANG_WARN_RANGE_LOOP_ANALYSIS = YES;
				CLANG_WARN_STRICT_PROTOTYPES = YES;
				CLANG_WARN_SUSPICIOUS_MOVE = YES;
				CLANG_WARN_UNGUARDED_AVAILABILITY = YES_AGGRESSIVE;
				CLANG_WARN_UNREACHABLE_CODE = YES;
				CLANG_WARN__DUPLICATE_METHOD_MATCH = YES;
				COPY_PHASE_STRIP = NO;
				DEBUG_INFORMATION_FORMAT = dwarf;
				ENABLE_STRICT_OBJC_MSGSEND = YES;
				ENABLE_TESTABILITY = YES;
				GCC_C_LANGUAGE_STANDARD = gnu11;
				GCC_DYNAMIC_NO_PIC = NO;
				GCC_NO_COMMON_BLOCKS = YES;
				GCC_OPTIMIZATION_LEVEL = 0;
				GCC_PREPROCESSOR_DEFINITIONS = (
					"DEBUG=1",
					"$(inherited)",
				);
				GCC_WARN_64_TO_32_BIT_CONVERSION = YES;
				GCC_WARN_ABOUT_RETURN_TYPE = YES_ERROR;
				GCC_WARN_UNDECLARED_SELECTOR = YES;
				GCC_WARN_UNINITIALIZED_AUTOS = YES_AGGRESSIVE;
				GCC_WARN_UNUSED_FUNCTION = YES;
				GCC_WARN_UNUSED_VARIABLE = YES;
				MTL_ENABLE_DEBUG_INFO = INCLUDE_SOURCE;
				MTL_FAST_MATH = YES;
				ONLY_ACTIVE_ARCH = YES;
				SWIFT_ACTIVE_COMPILATION_CONDITIONS = DEBUG;
				SWIFT_OPTIMIZATION_LEVEL = "-Onone";
			};
			name = Debug;
		};
		C4272ACC272E5F2B00BE0771 /* Release */ = {
			isa = XCBuildConfiguration;
			buildSettings = {
				ALWAYS_SEARCH_USER_PATHS = NO;
				CLANG_ANALYZER_NONNULL = YES;
				CLANG_ANALYZER_NUMBER_OBJECT_CONVERSION = YES_AGGRESSIVE;
				CLANG_CXX_LANGUAGE_STANDARD = "gnu++17";
				CLANG_CXX_LIBRARY = "libc++";
				CLANG_ENABLE_MODULES = YES;
				CLANG_ENABLE_OBJC_ARC = YES;
				CLANG_ENABLE_OBJC_WEAK = YES;
				CLANG_WARN_BLOCK_CAPTURE_AUTORELEASING = YES;
				CLANG_WARN_BOOL_CONVERSION = YES;
				CLANG_WARN_COMMA = YES;
				CLANG_WARN_CONSTANT_CONVERSION = YES;
				CLANG_WARN_DEPRECATED_OBJC_IMPLEMENTATIONS = YES;
				CLANG_WARN_DIRECT_OBJC_ISA_USAGE = YES_ERROR;
				CLANG_WARN_DOCUMENTATION_COMMENTS = YES;
				CLANG_WARN_EMPTY_BODY = YES;
				CLANG_WARN_ENUM_CONVERSION = YES;
				CLANG_WARN_INFINITE_RECURSION = YES;
				CLANG_WARN_INT_CONVERSION = YES;
				CLANG_WARN_NON_LITERAL_NULL_CONVERSION = YES;
				CLANG_WARN_OBJC_IMPLICIT_RETAIN_SELF = YES;
				CLANG_WARN_OBJC_LITERAL_CONVERSION = YES;
				CLANG_WARN_OBJC_ROOT_CLASS = YES_ERROR;
				CLANG_WARN_QUOTED_INCLUDE_IN_FRAMEWORK_HEADER = YES;
				CLANG_WARN_RANGE_LOOP_ANALYSIS = YES;
				CLANG_WARN_STRICT_PROTOTYPES = YES;
				CLANG_WARN_SUSPICIOUS_MOVE = YES;
				CLANG_WARN_UNGUARDED_AVAILABILITY = YES_AGGRESSIVE;
				CLANG_WARN_UNREACHABLE_CODE = YES;
				CLANG_WARN__DUPLICATE_METHOD_MATCH = YES;
				COPY_PHASE_STRIP = NO;
				DEBUG_INFORMATION_FORMAT = "dwarf-with-dsym";
				ENABLE_NS_ASSERTIONS = NO;
				ENABLE_STRICT_OBJC_MSGSEND = YES;
				GCC_C_LANGUAGE_STANDARD = gnu11;
				GCC_NO_COMMON_BLOCKS = YES;
				GCC_WARN_64_TO_32_BIT_CONVERSION = YES;
				GCC_WARN_ABOUT_RETURN_TYPE = YES_ERROR;
				GCC_WARN_UNDECLARED_SELECTOR = YES;
				GCC_WARN_UNINITIALIZED_AUTOS = YES_AGGRESSIVE;
				GCC_WARN_UNUSED_FUNCTION = YES;
				GCC_WARN_UNUSED_VARIABLE = YES;
				MTL_ENABLE_DEBUG_INFO = NO;
				MTL_FAST_MATH = YES;
				SWIFT_COMPILATION_MODE = wholemodule;
				SWIFT_OPTIMIZATION_LEVEL = "-O";
			};
			name = Release;
		};
		C4272ACE272E5F2B00BE0771 /* Debug */ = {
			isa = XCBuildConfiguration;
			buildSettings = {
				ASSETCATALOG_COMPILER_APPICON_NAME = AppIcon;
				ASSETCATALOG_COMPILER_GLOBAL_ACCENT_COLOR_NAME = AccentColor;
				CODE_SIGN_STYLE = Automatic;
				CURRENT_PROJECT_VERSION = 1;
				ENABLE_PREVIEWS = YES;
				GENERATE_INFOPLIST_FILE = YES;
				INFOPLIST_KEY_UIApplicationSceneManifest_Generation = YES;
				INFOPLIST_KEY_UIApplicationSupportsIndirectInputEvents = YES;
				INFOPLIST_KEY_UILaunchScreen_Generation = YES;
				INFOPLIST_KEY_UISupportedInterfaceOrientations_iPad = "UIInterfaceOrientationPortrait UIInterfaceOrientationPortraitUpsideDown UIInterfaceOrientationLandscapeLeft UIInterfaceOrientationLandscapeRight";
				INFOPLIST_KEY_UISupportedInterfaceOrientations_iPhone = "UIInterfaceOrientationPortrait UIInterfaceOrientationLandscapeLeft UIInterfaceOrientationLandscapeRight";
				IPHONEOS_DEPLOYMENT_TARGET = 15.0;
				LD_RUNPATH_SEARCH_PATHS = (
					"$(inherited)",
					"@executable_path/Frameworks",
				);
				MARKETING_VERSION = 1.0;
				PRODUCT_BUNDLE_IDENTIFIER = io.roughgears.learn.swiftui.04.Playground;
				PRODUCT_NAME = "04. Playground";
				SDKROOT = iphoneos;
				SWIFT_EMIT_LOC_STRINGS = YES;
				SWIFT_VERSION = 5.0;
				TARGETED_DEVICE_FAMILY = "1,2";
			};
			name = Debug;
		};
		C4272ACF272E5F2B00BE0771 /* Release */ = {
			isa = XCBuildConfiguration;
			buildSettings = {
				ASSETCATALOG_COMPILER_APPICON_NAME = AppIcon;
				ASSETCATALOG_COMPILER_GLOBAL_ACCENT_COLOR_NAME = AccentColor;
				CODE_SIGN_STYLE = Automatic;
				CURRENT_PROJECT_VERSION = 1;
				ENABLE_PREVIEWS = YES;
				GENERATE_INFOPLIST_FILE = YES;
				INFOPLIST_KEY_UIApplicationSceneManifest_Generation = YES;
				INFOPLIST_KEY_UIApplicationSupportsIndirectInputEvents = YES;
				INFOPLIST_KEY_UILaunchScreen_Generation = YES;
				INFOPLIST_KEY_UISupportedInterfaceOrientations_iPad = "UIInterfaceOrientationPortrait UIInterfaceOrientationPortraitUpsideDown UIInterfaceOrientationLandscapeLeft UIInterfaceOrientationLandscapeRight";
				INFOPLIST_KEY_UISupportedInterfaceOrientations_iPhone = "UIInterfaceOrientationPortrait UIInterfaceOrientationLandscapeLeft UIInterfaceOrientationLandscapeRight";
				IPHONEOS_DEPLOYMENT_TARGET = 15.0;
				LD_RUNPATH_SEARCH_PATHS = (
					"$(inherited)",
					"@executable_path/Frameworks",
				);
				MARKETING_VERSION = 1.0;
				PRODUCT_BUNDLE_IDENTIFIER = io.roughgears.learn.swiftui.04.Playground;
				PRODUCT_NAME = "04. Playground";
				SDKROOT = iphoneos;
				SWIFT_EMIT_LOC_STRINGS = YES;
				SWIFT_VERSION = 5.0;
				TARGETED_DEVICE_FAMILY = "1,2";
				VALIDATE_PRODUCT = YES;
			};
			name = Release;
		};
		C4272AD1272E5F2B00BE0771 /* Debug */ = {
			isa = XCBuildConfiguration;
			buildSettings = {
				ASSETCATALOG_COMPILER_APPICON_NAME = AppIcon;
				ASSETCATALOG_COMPILER_GLOBAL_ACCENT_COLOR_NAME = AccentColor;
				CODE_SIGN_ENTITLEMENTS = macOS/macOS.entitlements;
				CODE_SIGN_STYLE = Automatic;
				COMBINE_HIDPI_IMAGES = YES;
				CURRENT_PROJECT_VERSION = 1;
				ENABLE_PREVIEWS = YES;
				GENERATE_INFOPLIST_FILE = YES;
				INFOPLIST_KEY_NSHumanReadableCopyright = "";
				LD_RUNPATH_SEARCH_PATHS = (
					"$(inherited)",
					"@executable_path/../Frameworks",
				);
				MACOSX_DEPLOYMENT_TARGET = 12.0;
				MARKETING_VERSION = 1.0;
				PRODUCT_BUNDLE_IDENTIFIER = io.roughgears.learn.swiftui.04.Playground;
				PRODUCT_NAME = "04. Playground";
				SDKROOT = macosx;
				SWIFT_EMIT_LOC_STRINGS = YES;
				SWIFT_VERSION = 5.0;
			};
			name = Debug;
		};
		C4272AD2272E5F2B00BE0771 /* Release */ = {
			isa = XCBuildConfiguration;
			buildSettings = {
				ASSETCATALOG_COMPILER_APPICON_NAME = AppIcon;
				ASSETCATALOG_COMPILER_GLOBAL_ACCENT_COLOR_NAME = AccentColor;
				CODE_SIGN_ENTITLEMENTS = macOS/macOS.entitlements;
				CODE_SIGN_STYLE = Automatic;
				COMBINE_HIDPI_IMAGES = YES;
				CURRENT_PROJECT_VERSION = 1;
				ENABLE_PREVIEWS = YES;
				GENERATE_INFOPLIST_FILE = YES;
				INFOPLIST_KEY_NSHumanReadableCopyright = "";
				LD_RUNPATH_SEARCH_PATHS = (
					"$(inherited)",
					"@executable_path/../Frameworks",
				);
				MACOSX_DEPLOYMENT_TARGET = 12.0;
				MARKETING_VERSION = 1.0;
				PRODUCT_BUNDLE_IDENTIFIER = io.roughgears.learn.swiftui.04.Playground;
				PRODUCT_NAME = "04. Playground";
				SDKROOT = macosx;
				SWIFT_EMIT_LOC_STRINGS = YES;
				SWIFT_VERSION = 5.0;
			};
			name = Release;
		};
/* End XCBuildConfiguration section */

/* Begin XCConfigurationList section */
		C4272AB3272E5F2A00BE0771 /* Build configuration list for PBXProject "04. Playground" */ = {
			isa = XCConfigurationList;
			buildConfigurations = (
				C4272ACB272E5F2B00BE0771 /* Debug */,
				C4272ACC272E5F2B00BE0771 /* Release */,
			);
			defaultConfigurationIsVisible = 0;
			defaultConfigurationName = Release;
		};
		C4272ACD272E5F2B00BE0771 /* Build configuration list for PBXNativeTarget "04. Playground (iOS)" */ = {
			isa = XCConfigurationList;
			buildConfigurations = (
				C4272ACE272E5F2B00BE0771 /* Debug */,
				C4272ACF272E5F2B00BE0771 /* Release */,
			);
			defaultConfigurationIsVisible = 0;
			defaultConfigurationName = Release;
		};
		C4272AD0272E5F2B00BE0771 /* Build configuration list for PBXNativeTarget "04. Playground (macOS)" */ = {
			isa = XCConfigurationList;
			buildConfigurations = (
				C4272AD1272E5F2B00BE0771 /* Debug */,
				C4272AD2272E5F2B00BE0771 /* Release */,
			);
			defaultConfigurationIsVisible = 0;
			defaultConfigurationName = Release;
		};
/* End XCConfigurationList section */
	};
	rootObject = C4272AB0272E5F2A00BE0771 /* Project object */;
}
